// !$*UTF8*$!
{
	archiveVersion = 1;
	classes = {
	};
	objectVersion = 48;
	objects = {

/* Begin PBXBuildFile section */
		22F3586F76B2149523E10596 /* Pods_event_manager_ios.framework in Frameworks */ = {isa = PBXBuildFile; fileRef = A364A175C667325B9D925C3A /* Pods_event_manager_ios.framework */; };
		6213B59D1F88E11D00121CFF /* Event.swift in Sources */ = {isa = PBXBuildFile; fileRef = 6213B59C1F88E11D00121CFF /* Event.swift */; };
		6213B59F1F88E13A00121CFF /* UIExtended.swift in Sources */ = {isa = PBXBuildFile; fileRef = 6213B59E1F88E13A00121CFF /* UIExtended.swift */; };
		6213B5A51F88E18500121CFF /* Bindable.swift in Sources */ = {isa = PBXBuildFile; fileRef = 6213B5A11F88E18500121CFF /* Bindable.swift */; };
		6213B5A61F88E18500121CFF /* ReactiveBindable.swift in Sources */ = {isa = PBXBuildFile; fileRef = 6213B5A21F88E18500121CFF /* ReactiveBindable.swift */; };
		6213B5A71F88E18500121CFF /* TableViewSection.swift in Sources */ = {isa = PBXBuildFile; fileRef = 6213B5A31F88E18500121CFF /* TableViewSection.swift */; };
		6213B5A81F88E18500121CFF /* TitlePresentable.swift in Sources */ = {isa = PBXBuildFile; fileRef = 6213B5A41F88E18500121CFF /* TitlePresentable.swift */; };
		6213B5AA1F88E2D900121CFF /* Enums.swift in Sources */ = {isa = PBXBuildFile; fileRef = 6213B5A91F88E2D900121CFF /* Enums.swift */; };
		6213B5AE1F88E85E00121CFF /* Performer.swift in Sources */ = {isa = PBXBuildFile; fileRef = 6213B5AD1F88E85E00121CFF /* Performer.swift */; };
		6213B5B01F88E86E00121CFF /* Place.swift in Sources */ = {isa = PBXBuildFile; fileRef = 6213B5AF1F88E86E00121CFF /* Place.swift */; };
		6213B5B21F88E98300121CFF /* Location.swift in Sources */ = {isa = PBXBuildFile; fileRef = 6213B5B11F88E98300121CFF /* Location.swift */; };
		6213B5B41F88FE4400121CFF /* BaseResponse.swift in Sources */ = {isa = PBXBuildFile; fileRef = 6213B5B31F88FE4400121CFF /* BaseResponse.swift */; };
		6213B5B81F89061C00121CFF /* String+Extensions.swift in Sources */ = {isa = PBXBuildFile; fileRef = 6213B5B71F89061C00121CFF /* String+Extensions.swift */; };
		6213B5BA1F89062800121CFF /* Date+Extensions.swift in Sources */ = {isa = PBXBuildFile; fileRef = 6213B5B91F89062800121CFF /* Date+Extensions.swift */; };
		621A9AF81F99DD43000EB45F /* EventFilter.swift in Sources */ = {isa = PBXBuildFile; fileRef = 621A9AF71F99DD43000EB45F /* EventFilter.swift */; };
		621A9AFC1F99DEF9000EB45F /* EventGroup.swift in Sources */ = {isa = PBXBuildFile; fileRef = 621A9AFB1F99DEF9000EB45F /* EventGroup.swift */; };
		62374F301F93A2CD00C9841A /* EventDetailsViewController.swift in Sources */ = {isa = PBXBuildFile; fileRef = 62374F2E1F93A2CD00C9841A /* EventDetailsViewController.swift */; };
		62374F311F93A2CD00C9841A /* EventDetailsViewModel.swift in Sources */ = {isa = PBXBuildFile; fileRef = 62374F2F1F93A2CD00C9841A /* EventDetailsViewModel.swift */; };
		62374F351F93A2FC00C9841A /* EventDetailDescriptionCell.swift in Sources */ = {isa = PBXBuildFile; fileRef = 62374F331F93A2FC00C9841A /* EventDetailDescriptionCell.swift */; };
		62374F361F93A2FC00C9841A /* EventDetailDescriptionCellViewModel.swift in Sources */ = {isa = PBXBuildFile; fileRef = 62374F341F93A2FC00C9841A /* EventDetailDescriptionCellViewModel.swift */; };
		62374F381F93C3DE00C9841A /* EventDetailDescription.swift in Sources */ = {isa = PBXBuildFile; fileRef = 62374F371F93C3DE00C9841A /* EventDetailDescription.swift */; };
		6241DEE11F9133CA0011C32E /* Profile.storyboard in Resources */ = {isa = PBXBuildFile; fileRef = 6241DEE01F9133CA0011C32E /* Profile.storyboard */; };
		6247732A1F93F2A200FD58B2 /* Localizable.strings in Resources */ = {isa = PBXBuildFile; fileRef = 6247732C1F93F2A200FD58B2 /* Localizable.strings */; };
		624BE26B1F9A892B0000F5EB /* Collection+Extensions.swift in Sources */ = {isa = PBXBuildFile; fileRef = 624BE26A1F9A892B0000F5EB /* Collection+Extensions.swift */; };
		625DC81E1F893483008AE6DE /* EventHeader.swift in Sources */ = {isa = PBXBuildFile; fileRef = 625DC81B1F893483008AE6DE /* EventHeader.swift */; };
		625DC81F1F893483008AE6DE /* EventHeaderCell.swift in Sources */ = {isa = PBXBuildFile; fileRef = 625DC81C1F893483008AE6DE /* EventHeaderCell.swift */; };
		625DC8201F893483008AE6DE /* EventHeaderCellViewModel.swift in Sources */ = {isa = PBXBuildFile; fileRef = 625DC81D1F893483008AE6DE /* EventHeaderCellViewModel.swift */; };
		625DC8231F8934FF008AE6DE /* EventListViewController.swift in Sources */ = {isa = PBXBuildFile; fileRef = 625DC8211F8934FF008AE6DE /* EventListViewController.swift */; };
		625DC8241F8934FF008AE6DE /* EventListViewModel.swift in Sources */ = {isa = PBXBuildFile; fileRef = 625DC8221F8934FF008AE6DE /* EventListViewModel.swift */; };
		625DC8261F89373C008AE6DE /* Sequence+Extensions.swift in Sources */ = {isa = PBXBuildFile; fileRef = 625DC8251F89373C008AE6DE /* Sequence+Extensions.swift */; };
		626695C11F89335600AA54EA /* EventCell.swift in Sources */ = {isa = PBXBuildFile; fileRef = 626695BE1F89335600AA54EA /* EventCell.swift */; };
		626695C21F89335600AA54EA /* EventCellViewModel.swift in Sources */ = {isa = PBXBuildFile; fileRef = 626695BF1F89335600AA54EA /* EventCellViewModel.swift */; };
		627E31131FB762CF00BAB196 /* PlaceDetailsViewModel.swift in Sources */ = {isa = PBXBuildFile; fileRef = 627E31111FB762CF00BAB196 /* PlaceDetailsViewModel.swift */; };
		627E31141FB762CF00BAB196 /* PlaceDetailsViewController.swift in Sources */ = {isa = PBXBuildFile; fileRef = 627E31121FB762CF00BAB196 /* PlaceDetailsViewController.swift */; };
		627E31191FB769E300BAB196 /* MapOption.swift in Sources */ = {isa = PBXBuildFile; fileRef = 627E31161FB769E300BAB196 /* MapOption.swift */; };
		627E311A1FB769E300BAB196 /* MapOptionCell.swift in Sources */ = {isa = PBXBuildFile; fileRef = 627E31171FB769E300BAB196 /* MapOptionCell.swift */; };
		627E311B1FB769E300BAB196 /* MapOptionCellViewModel.swift in Sources */ = {isa = PBXBuildFile; fileRef = 627E31181FB769E300BAB196 /* MapOptionCellViewModel.swift */; };
		62B2B1811FA2173300617D08 /* EventFilterCell.swift in Sources */ = {isa = PBXBuildFile; fileRef = 62B2B17C1FA2173300617D08 /* EventFilterCell.swift */; };
		62B2B1821FA2173300617D08 /* Filter.swift in Sources */ = {isa = PBXBuildFile; fileRef = 62B2B17D1FA2173300617D08 /* Filter.swift */; };
		62B2B1831FA2173300617D08 /* EventFilterViewModel.swift in Sources */ = {isa = PBXBuildFile; fileRef = 62B2B17E1FA2173300617D08 /* EventFilterViewModel.swift */; };
		62B2B1841FA2173300617D08 /* EventFilterCellViewModel.swift in Sources */ = {isa = PBXBuildFile; fileRef = 62B2B17F1FA2173300617D08 /* EventFilterCellViewModel.swift */; };
		62B2B1851FA2173300617D08 /* EventFilterTableViewController.swift in Sources */ = {isa = PBXBuildFile; fileRef = 62B2B1801FA2173300617D08 /* EventFilterTableViewController.swift */; };
		62E06BF11FB738DD0000376C /* MapViewModel.swift in Sources */ = {isa = PBXBuildFile; fileRef = 62E06BEF1FB738DD0000376C /* MapViewModel.swift */; };
		62E06BF21FB738DD0000376C /* MapViewController.swift in Sources */ = {isa = PBXBuildFile; fileRef = 62E06BF01FB738DD0000376C /* MapViewController.swift */; };
		62E06BF61FB740C90000376C /* MapOptionsViewModel.swift in Sources */ = {isa = PBXBuildFile; fileRef = 62E06BF41FB740C90000376C /* MapOptionsViewModel.swift */; };
		62E06BF71FB740C90000376C /* MapOptionsTableViewController.swift in Sources */ = {isa = PBXBuildFile; fileRef = 62E06BF51FB740C90000376C /* MapOptionsTableViewController.swift */; };
		62E06BFA1FB747F60000376C /* MKPlaceAnnotation.swift in Sources */ = {isa = PBXBuildFile; fileRef = 62E06BF91FB747F60000376C /* MKPlaceAnnotation.swift */; };
		7D575DD31FA1E30600AE5BD2 /* NewsListViewController.swift in Sources */ = {isa = PBXBuildFile; fileRef = 7D575DD21FA1E30600AE5BD2 /* NewsListViewController.swift */; };
		7D575DD51FA1EE4900AE5BD2 /* NewsListViewModel.swift in Sources */ = {isa = PBXBuildFile; fileRef = 7D575DD41FA1EE4900AE5BD2 /* NewsListViewModel.swift */; };
		7D575DD81FA1EFF100AE5BD2 /* NewsCell.swift in Sources */ = {isa = PBXBuildFile; fileRef = 7D575DD71FA1EFF100AE5BD2 /* NewsCell.swift */; };
		7D575DDA1FA1F28D00AE5BD2 /* News.swift in Sources */ = {isa = PBXBuildFile; fileRef = 7D575DD91FA1F28D00AE5BD2 /* News.swift */; };
		7D575DDC1FA1F3DC00AE5BD2 /* NewsCellViewModel.swift in Sources */ = {isa = PBXBuildFile; fileRef = 7D575DDB1FA1F3DC00AE5BD2 /* NewsCellViewModel.swift */; };
		9653EFCF1F841EF900A98D68 /* Shared.storyboard in Resources */ = {isa = PBXBuildFile; fileRef = 9653EFCE1F841EF900A98D68 /* Shared.storyboard */; };
		9653EFD31F841F5800A98D68 /* LoadingViewController.swift in Sources */ = {isa = PBXBuildFile; fileRef = 9653EFD11F841F5800A98D68 /* LoadingViewController.swift */; };
		9653EFD41F841F5800A98D68 /* LoadingViewModel.swift in Sources */ = {isa = PBXBuildFile; fileRef = 9653EFD21F841F5800A98D68 /* LoadingViewModel.swift */; };
		9653EFD61F8422FF00A98D68 /* Constants.swift in Sources */ = {isa = PBXBuildFile; fileRef = 9653EFD51F8422FF00A98D68 /* Constants.swift */; };
		96FC2BCA1F816D42005D3B54 /* AppDelegate.swift in Sources */ = {isa = PBXBuildFile; fileRef = 96FC2BC91F816D42005D3B54 /* AppDelegate.swift */; };
		96FC2BCF1F816D42005D3B54 /* Main.storyboard in Resources */ = {isa = PBXBuildFile; fileRef = 96FC2BCD1F816D42005D3B54 /* Main.storyboard */; };
		96FC2BD11F816D42005D3B54 /* Assets.xcassets in Resources */ = {isa = PBXBuildFile; fileRef = 96FC2BD01F816D42005D3B54 /* Assets.xcassets */; };
		96FC2BD41F816D42005D3B54 /* LaunchScreen.storyboard in Resources */ = {isa = PBXBuildFile; fileRef = 96FC2BD21F816D42005D3B54 /* LaunchScreen.storyboard */; };
		96FC2BDD1F816F46005D3B54 /* Onboarding.storyboard in Resources */ = {isa = PBXBuildFile; fileRef = 96FC2BDC1F816F46005D3B54 /* Onboarding.storyboard */; };
		96FC2BE91F81739A005D3B54 /* LogInViewController.swift in Sources */ = {isa = PBXBuildFile; fileRef = 96FC2BE71F817399005D3B54 /* LogInViewController.swift */; };
		96FC2BEA1F81739A005D3B54 /* LogInViewModel.swift in Sources */ = {isa = PBXBuildFile; fileRef = 96FC2BE81F81739A005D3B54 /* LogInViewModel.swift */; };
		96FC2BEC1F817CA7005D3B54 /* RestClient.swift in Sources */ = {isa = PBXBuildFile; fileRef = 96FC2BEB1F817CA7005D3B54 /* RestClient.swift */; };
		96FC2BF21F81964B005D3B54 /* Configuration.swift in Sources */ = {isa = PBXBuildFile; fileRef = 96FC2BF11F81964B005D3B54 /* Configuration.swift */; };
/* End PBXBuildFile section */

/* Begin PBXFileReference section */
		45AE099A1193B62A9B246F55 /* Pods-event-manager-ios.debug.xcconfig */ = {isa = PBXFileReference; includeInIndex = 1; lastKnownFileType = text.xcconfig; name = "Pods-event-manager-ios.debug.xcconfig"; path = "Pods/Target Support Files/Pods-event-manager-ios/Pods-event-manager-ios.debug.xcconfig"; sourceTree = "<group>"; };
		4B529FECA67FFFAE034AF712 /* Pods-event-manager-ios.release.xcconfig */ = {isa = PBXFileReference; includeInIndex = 1; lastKnownFileType = text.xcconfig; name = "Pods-event-manager-ios.release.xcconfig"; path = "Pods/Target Support Files/Pods-event-manager-ios/Pods-event-manager-ios.release.xcconfig"; sourceTree = "<group>"; };
		55AEA7F26090E46A0323C7F4 /* Pods-event-manager-ios.debug staging.xcconfig */ = {isa = PBXFileReference; includeInIndex = 1; lastKnownFileType = text.xcconfig; name = "Pods-event-manager-ios.debug staging.xcconfig"; path = "Pods/Target Support Files/Pods-event-manager-ios/Pods-event-manager-ios.debug staging.xcconfig"; sourceTree = "<group>"; };
		6213B59C1F88E11D00121CFF /* Event.swift */ = {isa = PBXFileReference; lastKnownFileType = sourcecode.swift; path = Event.swift; sourceTree = "<group>"; };
		6213B59E1F88E13A00121CFF /* UIExtended.swift */ = {isa = PBXFileReference; lastKnownFileType = sourcecode.swift; path = UIExtended.swift; sourceTree = "<group>"; };
		6213B5A11F88E18500121CFF /* Bindable.swift */ = {isa = PBXFileReference; lastKnownFileType = sourcecode.swift; path = Bindable.swift; sourceTree = "<group>"; };
		6213B5A21F88E18500121CFF /* ReactiveBindable.swift */ = {isa = PBXFileReference; lastKnownFileType = sourcecode.swift; path = ReactiveBindable.swift; sourceTree = "<group>"; };
		6213B5A31F88E18500121CFF /* TableViewSection.swift */ = {isa = PBXFileReference; lastKnownFileType = sourcecode.swift; path = TableViewSection.swift; sourceTree = "<group>"; };
		6213B5A41F88E18500121CFF /* TitlePresentable.swift */ = {isa = PBXFileReference; lastKnownFileType = sourcecode.swift; path = TitlePresentable.swift; sourceTree = "<group>"; };
		6213B5A91F88E2D900121CFF /* Enums.swift */ = {isa = PBXFileReference; lastKnownFileType = sourcecode.swift; path = Enums.swift; sourceTree = "<group>"; };
		6213B5AD1F88E85E00121CFF /* Performer.swift */ = {isa = PBXFileReference; lastKnownFileType = sourcecode.swift; path = Performer.swift; sourceTree = "<group>"; };
		6213B5AF1F88E86E00121CFF /* Place.swift */ = {isa = PBXFileReference; lastKnownFileType = sourcecode.swift; path = Place.swift; sourceTree = "<group>"; };
		6213B5B11F88E98300121CFF /* Location.swift */ = {isa = PBXFileReference; lastKnownFileType = sourcecode.swift; path = Location.swift; sourceTree = "<group>"; };
		6213B5B31F88FE4400121CFF /* BaseResponse.swift */ = {isa = PBXFileReference; lastKnownFileType = sourcecode.swift; path = BaseResponse.swift; sourceTree = "<group>"; };
		6213B5B71F89061C00121CFF /* String+Extensions.swift */ = {isa = PBXFileReference; lastKnownFileType = sourcecode.swift; path = "String+Extensions.swift"; sourceTree = "<group>"; };
		6213B5B91F89062800121CFF /* Date+Extensions.swift */ = {isa = PBXFileReference; lastKnownFileType = sourcecode.swift; path = "Date+Extensions.swift"; sourceTree = "<group>"; };
		621A9AF71F99DD43000EB45F /* EventFilter.swift */ = {isa = PBXFileReference; lastKnownFileType = sourcecode.swift; path = EventFilter.swift; sourceTree = "<group>"; };
		621A9AFB1F99DEF9000EB45F /* EventGroup.swift */ = {isa = PBXFileReference; lastKnownFileType = sourcecode.swift; path = EventGroup.swift; sourceTree = "<group>"; };
		62374F2E1F93A2CD00C9841A /* EventDetailsViewController.swift */ = {isa = PBXFileReference; lastKnownFileType = sourcecode.swift; path = EventDetailsViewController.swift; sourceTree = "<group>"; };
		62374F2F1F93A2CD00C9841A /* EventDetailsViewModel.swift */ = {isa = PBXFileReference; lastKnownFileType = sourcecode.swift; path = EventDetailsViewModel.swift; sourceTree = "<group>"; };
		62374F331F93A2FC00C9841A /* EventDetailDescriptionCell.swift */ = {isa = PBXFileReference; lastKnownFileType = sourcecode.swift; path = EventDetailDescriptionCell.swift; sourceTree = "<group>"; };
		62374F341F93A2FC00C9841A /* EventDetailDescriptionCellViewModel.swift */ = {isa = PBXFileReference; lastKnownFileType = sourcecode.swift; path = EventDetailDescriptionCellViewModel.swift; sourceTree = "<group>"; };
		62374F371F93C3DE00C9841A /* EventDetailDescription.swift */ = {isa = PBXFileReference; lastKnownFileType = sourcecode.swift; path = EventDetailDescription.swift; sourceTree = "<group>"; };
		6241DEE01F9133CA0011C32E /* Profile.storyboard */ = {isa = PBXFileReference; lastKnownFileType = file.storyboard; path = Profile.storyboard; sourceTree = "<group>"; };
		6247732B1F93F2A200FD58B2 /* en */ = {isa = PBXFileReference; lastKnownFileType = text.plist.strings; name = en; path = en.lproj/Localizable.strings; sourceTree = "<group>"; };
		624BE26A1F9A892B0000F5EB /* Collection+Extensions.swift */ = {isa = PBXFileReference; lastKnownFileType = sourcecode.swift; path = "Collection+Extensions.swift"; sourceTree = "<group>"; };
		625DC81B1F893483008AE6DE /* EventHeader.swift */ = {isa = PBXFileReference; lastKnownFileType = sourcecode.swift; path = EventHeader.swift; sourceTree = "<group>"; };
		625DC81C1F893483008AE6DE /* EventHeaderCell.swift */ = {isa = PBXFileReference; lastKnownFileType = sourcecode.swift; path = EventHeaderCell.swift; sourceTree = "<group>"; };
		625DC81D1F893483008AE6DE /* EventHeaderCellViewModel.swift */ = {isa = PBXFileReference; lastKnownFileType = sourcecode.swift; path = EventHeaderCellViewModel.swift; sourceTree = "<group>"; };
		625DC8211F8934FF008AE6DE /* EventListViewController.swift */ = {isa = PBXFileReference; lastKnownFileType = sourcecode.swift; path = EventListViewController.swift; sourceTree = "<group>"; };
		625DC8221F8934FF008AE6DE /* EventListViewModel.swift */ = {isa = PBXFileReference; lastKnownFileType = sourcecode.swift; path = EventListViewModel.swift; sourceTree = "<group>"; };
		625DC8251F89373C008AE6DE /* Sequence+Extensions.swift */ = {isa = PBXFileReference; lastKnownFileType = sourcecode.swift; path = "Sequence+Extensions.swift"; sourceTree = "<group>"; };
		626695BE1F89335600AA54EA /* EventCell.swift */ = {isa = PBXFileReference; lastKnownFileType = sourcecode.swift; path = EventCell.swift; sourceTree = "<group>"; };
		626695BF1F89335600AA54EA /* EventCellViewModel.swift */ = {isa = PBXFileReference; lastKnownFileType = sourcecode.swift; path = EventCellViewModel.swift; sourceTree = "<group>"; };
		627E31111FB762CF00BAB196 /* PlaceDetailsViewModel.swift */ = {isa = PBXFileReference; lastKnownFileType = sourcecode.swift; path = PlaceDetailsViewModel.swift; sourceTree = "<group>"; };
		627E31121FB762CF00BAB196 /* PlaceDetailsViewController.swift */ = {isa = PBXFileReference; lastKnownFileType = sourcecode.swift; path = PlaceDetailsViewController.swift; sourceTree = "<group>"; };
		627E31161FB769E300BAB196 /* MapOption.swift */ = {isa = PBXFileReference; lastKnownFileType = sourcecode.swift; path = MapOption.swift; sourceTree = "<group>"; };
		627E31171FB769E300BAB196 /* MapOptionCell.swift */ = {isa = PBXFileReference; lastKnownFileType = sourcecode.swift; path = MapOptionCell.swift; sourceTree = "<group>"; };
		627E31181FB769E300BAB196 /* MapOptionCellViewModel.swift */ = {isa = PBXFileReference; lastKnownFileType = sourcecode.swift; path = MapOptionCellViewModel.swift; sourceTree = "<group>"; };
		62B2B17C1FA2173300617D08 /* EventFilterCell.swift */ = {isa = PBXFileReference; lastKnownFileType = sourcecode.swift; path = EventFilterCell.swift; sourceTree = "<group>"; };
		62B2B17D1FA2173300617D08 /* Filter.swift */ = {isa = PBXFileReference; lastKnownFileType = sourcecode.swift; path = Filter.swift; sourceTree = "<group>"; };
		62B2B17E1FA2173300617D08 /* EventFilterViewModel.swift */ = {isa = PBXFileReference; lastKnownFileType = sourcecode.swift; path = EventFilterViewModel.swift; sourceTree = "<group>"; };
		62B2B17F1FA2173300617D08 /* EventFilterCellViewModel.swift */ = {isa = PBXFileReference; lastKnownFileType = sourcecode.swift; path = EventFilterCellViewModel.swift; sourceTree = "<group>"; };
		62B2B1801FA2173300617D08 /* EventFilterTableViewController.swift */ = {isa = PBXFileReference; lastKnownFileType = sourcecode.swift; path = EventFilterTableViewController.swift; sourceTree = "<group>"; };
		62E06BEF1FB738DD0000376C /* MapViewModel.swift */ = {isa = PBXFileReference; lastKnownFileType = sourcecode.swift; path = MapViewModel.swift; sourceTree = "<group>"; };
		62E06BF01FB738DD0000376C /* MapViewController.swift */ = {isa = PBXFileReference; lastKnownFileType = sourcecode.swift; path = MapViewController.swift; sourceTree = "<group>"; };
		62E06BF41FB740C90000376C /* MapOptionsViewModel.swift */ = {isa = PBXFileReference; lastKnownFileType = sourcecode.swift; path = MapOptionsViewModel.swift; sourceTree = "<group>"; };
		62E06BF51FB740C90000376C /* MapOptionsTableViewController.swift */ = {isa = PBXFileReference; lastKnownFileType = sourcecode.swift; path = MapOptionsTableViewController.swift; sourceTree = "<group>"; };
		62E06BF91FB747F60000376C /* MKPlaceAnnotation.swift */ = {isa = PBXFileReference; lastKnownFileType = sourcecode.swift; path = MKPlaceAnnotation.swift; sourceTree = "<group>"; };
		7D575DD21FA1E30600AE5BD2 /* NewsListViewController.swift */ = {isa = PBXFileReference; lastKnownFileType = sourcecode.swift; path = NewsListViewController.swift; sourceTree = "<group>"; };
		7D575DD41FA1EE4900AE5BD2 /* NewsListViewModel.swift */ = {isa = PBXFileReference; lastKnownFileType = sourcecode.swift; path = NewsListViewModel.swift; sourceTree = "<group>"; };
		7D575DD71FA1EFF100AE5BD2 /* NewsCell.swift */ = {isa = PBXFileReference; lastKnownFileType = sourcecode.swift; path = NewsCell.swift; sourceTree = "<group>"; };
		7D575DD91FA1F28D00AE5BD2 /* News.swift */ = {isa = PBXFileReference; lastKnownFileType = sourcecode.swift; path = News.swift; sourceTree = "<group>"; };
		7D575DDB1FA1F3DC00AE5BD2 /* NewsCellViewModel.swift */ = {isa = PBXFileReference; lastKnownFileType = sourcecode.swift; path = NewsCellViewModel.swift; sourceTree = "<group>"; };
		9653EFCE1F841EF900A98D68 /* Shared.storyboard */ = {isa = PBXFileReference; lastKnownFileType = file.storyboard; path = Shared.storyboard; sourceTree = "<group>"; };
		9653EFD11F841F5800A98D68 /* LoadingViewController.swift */ = {isa = PBXFileReference; lastKnownFileType = sourcecode.swift; path = LoadingViewController.swift; sourceTree = "<group>"; };
		9653EFD21F841F5800A98D68 /* LoadingViewModel.swift */ = {isa = PBXFileReference; lastKnownFileType = sourcecode.swift; path = LoadingViewModel.swift; sourceTree = "<group>"; };
		9653EFD51F8422FF00A98D68 /* Constants.swift */ = {isa = PBXFileReference; lastKnownFileType = sourcecode.swift; path = Constants.swift; sourceTree = "<group>"; };
		96FC2BC61F816D42005D3B54 /* event-manager-ios.app */ = {isa = PBXFileReference; explicitFileType = wrapper.application; includeInIndex = 0; path = "event-manager-ios.app"; sourceTree = BUILT_PRODUCTS_DIR; };
		96FC2BC91F816D42005D3B54 /* AppDelegate.swift */ = {isa = PBXFileReference; lastKnownFileType = sourcecode.swift; path = AppDelegate.swift; sourceTree = "<group>"; };
		96FC2BCE1F816D42005D3B54 /* Base */ = {isa = PBXFileReference; lastKnownFileType = file.storyboard; name = Base; path = Base.lproj/Main.storyboard; sourceTree = "<group>"; };
		96FC2BD01F816D42005D3B54 /* Assets.xcassets */ = {isa = PBXFileReference; lastKnownFileType = folder.assetcatalog; path = Assets.xcassets; sourceTree = "<group>"; };
		96FC2BD31F816D42005D3B54 /* Base */ = {isa = PBXFileReference; lastKnownFileType = file.storyboard; name = Base; path = Base.lproj/LaunchScreen.storyboard; sourceTree = "<group>"; };
		96FC2BD51F816D42005D3B54 /* Info.plist */ = {isa = PBXFileReference; lastKnownFileType = text.plist.xml; path = Info.plist; sourceTree = "<group>"; };
		96FC2BDC1F816F46005D3B54 /* Onboarding.storyboard */ = {isa = PBXFileReference; lastKnownFileType = file.storyboard; path = Onboarding.storyboard; sourceTree = "<group>"; };
		96FC2BE71F817399005D3B54 /* LogInViewController.swift */ = {isa = PBXFileReference; lastKnownFileType = sourcecode.swift; path = LogInViewController.swift; sourceTree = "<group>"; };
		96FC2BE81F81739A005D3B54 /* LogInViewModel.swift */ = {isa = PBXFileReference; lastKnownFileType = sourcecode.swift; path = LogInViewModel.swift; sourceTree = "<group>"; };
		96FC2BEB1F817CA7005D3B54 /* RestClient.swift */ = {isa = PBXFileReference; lastKnownFileType = sourcecode.swift; path = RestClient.swift; sourceTree = "<group>"; };
		96FC2BF11F81964B005D3B54 /* Configuration.swift */ = {isa = PBXFileReference; lastKnownFileType = sourcecode.swift; path = Configuration.swift; sourceTree = "<group>"; };
		A364A175C667325B9D925C3A /* Pods_event_manager_ios.framework */ = {isa = PBXFileReference; explicitFileType = wrapper.framework; includeInIndex = 0; path = Pods_event_manager_ios.framework; sourceTree = BUILT_PRODUCTS_DIR; };
		A41F3AB19CDF3D358A700AA8 /* Pods-event-manager-ios.debug mock.xcconfig */ = {isa = PBXFileReference; includeInIndex = 1; lastKnownFileType = text.xcconfig; name = "Pods-event-manager-ios.debug mock.xcconfig"; path = "Pods/Target Support Files/Pods-event-manager-ios/Pods-event-manager-ios.debug mock.xcconfig"; sourceTree = "<group>"; };
/* End PBXFileReference section */

/* Begin PBXFrameworksBuildPhase section */
		96FC2BC31F816D42005D3B54 /* Frameworks */ = {
			isa = PBXFrameworksBuildPhase;
			buildActionMask = 2147483647;
			files = (
				22F3586F76B2149523E10596 /* Pods_event_manager_ios.framework in Frameworks */,
			);
			runOnlyForDeploymentPostprocessing = 0;
		};
/* End PBXFrameworksBuildPhase section */

/* Begin PBXGroup section */
		6213B5A01F88E15600121CFF /* Base Requirements */ = {
			isa = PBXGroup;
			children = (
				6213B5A11F88E18500121CFF /* Bindable.swift */,
				6213B5A21F88E18500121CFF /* ReactiveBindable.swift */,
				6213B5A31F88E18500121CFF /* TableViewSection.swift */,
				6213B5A41F88E18500121CFF /* TitlePresentable.swift */,
			);
			path = "Base Requirements";
			sourceTree = "<group>";
		};
		62374F2D1F93A2B000C9841A /* EventDetails */ = {
			isa = PBXGroup;
			children = (
				62374F2E1F93A2CD00C9841A /* EventDetailsViewController.swift */,
				62374F2F1F93A2CD00C9841A /* EventDetailsViewModel.swift */,
				62374F321F93A2D400C9841A /* Cells */,
			);
			path = EventDetails;
			sourceTree = "<group>";
		};
		62374F321F93A2D400C9841A /* Cells */ = {
			isa = PBXGroup;
			children = (
				62374F331F93A2FC00C9841A /* EventDetailDescriptionCell.swift */,
				62374F341F93A2FC00C9841A /* EventDetailDescriptionCellViewModel.swift */,
				62374F371F93C3DE00C9841A /* EventDetailDescription.swift */,
			);
			path = Cells;
			sourceTree = "<group>";
		};
		626695BA1F8932B300AA54EA /* Events */ = {
			isa = PBXGroup;
			children = (
				625DC8211F8934FF008AE6DE /* EventListViewController.swift */,
				625DC8221F8934FF008AE6DE /* EventListViewModel.swift */,
				626695BB1F8932C300AA54EA /* Cells */,
				626695BC1F8932D100AA54EA /* Headers */,
			);
			path = Events;
			sourceTree = "<group>";
		};
		626695BB1F8932C300AA54EA /* Cells */ = {
			isa = PBXGroup;
			children = (
				626695BE1F89335600AA54EA /* EventCell.swift */,
				626695BF1F89335600AA54EA /* EventCellViewModel.swift */,
			);
			path = Cells;
			sourceTree = "<group>";
		};
		626695BC1F8932D100AA54EA /* Headers */ = {
			isa = PBXGroup;
			children = (
				625DC81B1F893483008AE6DE /* EventHeader.swift */,
				625DC81C1F893483008AE6DE /* EventHeaderCell.swift */,
				625DC81D1F893483008AE6DE /* EventHeaderCellViewModel.swift */,
			);
			path = Headers;
			sourceTree = "<group>";
		};
		627E31101FB7625900BAB196 /* PlaceDetails */ = {
			isa = PBXGroup;
			children = (
				627E31121FB762CF00BAB196 /* PlaceDetailsViewController.swift */,
				627E31111FB762CF00BAB196 /* PlaceDetailsViewModel.swift */,
			);
			path = PlaceDetails;
			sourceTree = "<group>";
		};
		627E31151FB769C000BAB196 /* Cells */ = {
			isa = PBXGroup;
			children = (
				627E31171FB769E300BAB196 /* MapOptionCell.swift */,
				627E31181FB769E300BAB196 /* MapOptionCellViewModel.swift */,
			);
			path = Cells;
			sourceTree = "<group>";
		};
		62B2B17B1FA2169400617D08 /* EventFilter */ = {
			isa = PBXGroup;
			children = (
				62B2B1801FA2173300617D08 /* EventFilterTableViewController.swift */,
				62B2B17E1FA2173300617D08 /* EventFilterViewModel.swift */,
				62B2B17C1FA2173300617D08 /* EventFilterCell.swift */,
				62B2B17F1FA2173300617D08 /* EventFilterCellViewModel.swift */,
			);
			path = EventFilter;
			sourceTree = "<group>";
		};
		62E06BEE1FB738460000376C /* Map */ = {
			isa = PBXGroup;
			children = (
				62E06BF01FB738DD0000376C /* MapViewController.swift */,
				62E06BEF1FB738DD0000376C /* MapViewModel.swift */,
				62E06BF81FB747D40000376C /* Views */,
			);
			path = Map;
			sourceTree = "<group>";
		};
		62E06BF31FB73DB30000376C /* MapOptions */ = {
			isa = PBXGroup;
			children = (
				62E06BF51FB740C90000376C /* MapOptionsTableViewController.swift */,
				62E06BF41FB740C90000376C /* MapOptionsViewModel.swift */,
				627E31151FB769C000BAB196 /* Cells */,
			);
			path = MapOptions;
			sourceTree = "<group>";
		};
		62E06BF81FB747D40000376C /* Views */ = {
			isa = PBXGroup;
			children = (
				62E06BF91FB747F60000376C /* MKPlaceAnnotation.swift */,
			);
			path = Views;
			sourceTree = "<group>";
		};
		7D575DD11FA1E01900AE5BD2 /* News */ = {
			isa = PBXGroup;
			children = (
				7D575DD21FA1E30600AE5BD2 /* NewsListViewController.swift */,
				7D575DD41FA1EE4900AE5BD2 /* NewsListViewModel.swift */,
				7D575DD61FA1EFD600AE5BD2 /* Cells */,
			);
			path = News;
			sourceTree = "<group>";
		};
		7D575DD61FA1EFD600AE5BD2 /* Cells */ = {
			isa = PBXGroup;
			children = (
				7D575DD71FA1EFF100AE5BD2 /* NewsCell.swift */,
				7D575DDB1FA1F3DC00AE5BD2 /* NewsCellViewModel.swift */,
			);
			path = Cells;
			sourceTree = "<group>";
		};
		8994007921693A1F9280DE0F /* Pods */ = {
			isa = PBXGroup;
			children = (
				45AE099A1193B62A9B246F55 /* Pods-event-manager-ios.debug.xcconfig */,
				4B529FECA67FFFAE034AF712 /* Pods-event-manager-ios.release.xcconfig */,
				A41F3AB19CDF3D358A700AA8 /* Pods-event-manager-ios.debug mock.xcconfig */,
				55AEA7F26090E46A0323C7F4 /* Pods-event-manager-ios.debug staging.xcconfig */,
			);
			name = Pods;
			sourceTree = "<group>";
		};
		946C899003EBCD47D43D0EE3 /* Frameworks */ = {
			isa = PBXGroup;
			children = (
				A364A175C667325B9D925C3A /* Pods_event_manager_ios.framework */,
			);
			name = Frameworks;
			sourceTree = "<group>";
		};
		9653EFD01F841F4200A98D68 /* Loading */ = {
			isa = PBXGroup;
			children = (
				9653EFD11F841F5800A98D68 /* LoadingViewController.swift */,
				9653EFD21F841F5800A98D68 /* LoadingViewModel.swift */,
			);
			path = Loading;
			sourceTree = "<group>";
		};
		96FC2BBD1F816D42005D3B54 = {
			isa = PBXGroup;
			children = (
				96FC2BC81F816D42005D3B54 /* event-manager-ios */,
				96FC2BC71F816D42005D3B54 /* Products */,
				8994007921693A1F9280DE0F /* Pods */,
				946C899003EBCD47D43D0EE3 /* Frameworks */,
			);
			sourceTree = "<group>";
		};
		96FC2BC71F816D42005D3B54 /* Products */ = {
			isa = PBXGroup;
			children = (
				96FC2BC61F816D42005D3B54 /* event-manager-ios.app */,
			);
			name = Products;
			sourceTree = "<group>";
		};
		96FC2BC81F816D42005D3B54 /* event-manager-ios */ = {
			isa = PBXGroup;
			children = (
				96FC2BC91F816D42005D3B54 /* AppDelegate.swift */,
				96FC2BE01F81710C005D3B54 /* Modules */,
				96FC2BE11F817158005D3B54 /* Shared */,
				96FC2BE31F817179005D3B54 /* Utilities */,
				96FC2BDB1F816F09005D3B54 /* Storyboards */,
				96FC2BD01F816D42005D3B54 /* Assets.xcassets */,
				96FC2BD21F816D42005D3B54 /* LaunchScreen.storyboard */,
				96FC2BD51F816D42005D3B54 /* Info.plist */,
				6247732C1F93F2A200FD58B2 /* Localizable.strings */,
			);
			path = "event-manager-ios";
			sourceTree = "<group>";
		};
		96FC2BDB1F816F09005D3B54 /* Storyboards */ = {
			isa = PBXGroup;
			children = (
				96FC2BCD1F816D42005D3B54 /* Main.storyboard */,
				96FC2BDC1F816F46005D3B54 /* Onboarding.storyboard */,
				9653EFCE1F841EF900A98D68 /* Shared.storyboard */,
				6241DEE01F9133CA0011C32E /* Profile.storyboard */,
			);
			path = Storyboards;
			sourceTree = "<group>";
		};
		96FC2BE01F81710C005D3B54 /* Modules */ = {
			isa = PBXGroup;
			children = (
				62374F2D1F93A2B000C9841A /* EventDetails */,
				62B2B17B1FA2169400617D08 /* EventFilter */,
				626695BA1F8932B300AA54EA /* Events */,
				9653EFD01F841F4200A98D68 /* Loading */,
				96FC2BE61F8172AE005D3B54 /* LogIn */,
				62E06BEE1FB738460000376C /* Map */,
				62E06BF31FB73DB30000376C /* MapOptions */,
				7D575DD11FA1E01900AE5BD2 /* News */,
				627E31101FB7625900BAB196 /* PlaceDetails */,
			);
			path = Modules;
			sourceTree = "<group>";
		};
		96FC2BE11F817158005D3B54 /* Shared */ = {
			isa = PBXGroup;
			children = (
				96FC2BE21F81715D005D3B54 /* Models */,
			);
			path = Shared;
			sourceTree = "<group>";
		};
		96FC2BE21F81715D005D3B54 /* Models */ = {
			isa = PBXGroup;
			children = (
				6213B5B31F88FE4400121CFF /* BaseResponse.swift */,
				6213B59C1F88E11D00121CFF /* Event.swift */,
				621A9AF71F99DD43000EB45F /* EventFilter.swift */,
				621A9AFB1F99DEF9000EB45F /* EventGroup.swift */,
				62B2B17D1FA2173300617D08 /* Filter.swift */,
				6213B5B11F88E98300121CFF /* Location.swift */,
				627E31161FB769E300BAB196 /* MapOption.swift */,
				7D575DD91FA1F28D00AE5BD2 /* News.swift */,
				6213B5AD1F88E85E00121CFF /* Performer.swift */,
				6213B5AF1F88E86E00121CFF /* Place.swift */,
			);
			path = Models;
			sourceTree = "<group>";
		};
		96FC2BE31F817179005D3B54 /* Utilities */ = {
			isa = PBXGroup;
			children = (
				6213B5A01F88E15600121CFF /* Base Requirements */,
				96FC2BE51F8171BB005D3B54 /* Extensions */,
				96FC2BF11F81964B005D3B54 /* Configuration.swift */,
				9653EFD51F8422FF00A98D68 /* Constants.swift */,
				6213B5A91F88E2D900121CFF /* Enums.swift */,
				96FC2BEB1F817CA7005D3B54 /* RestClient.swift */,
			);
			path = Utilities;
			sourceTree = "<group>";
		};
		96FC2BE51F8171BB005D3B54 /* Extensions */ = {
			isa = PBXGroup;
			children = (
				624BE26A1F9A892B0000F5EB /* Collection+Extensions.swift */,
				6213B5B91F89062800121CFF /* Date+Extensions.swift */,
				625DC8251F89373C008AE6DE /* Sequence+Extensions.swift */,
				6213B5B71F89061C00121CFF /* String+Extensions.swift */,
				6213B59E1F88E13A00121CFF /* UIExtended.swift */,
			);
			path = Extensions;
			sourceTree = "<group>";
		};
		96FC2BE61F8172AE005D3B54 /* LogIn */ = {
			isa = PBXGroup;
			children = (
				96FC2BE71F817399005D3B54 /* LogInViewController.swift */,
				96FC2BE81F81739A005D3B54 /* LogInViewModel.swift */,
			);
			path = LogIn;
			sourceTree = "<group>";
		};
/* End PBXGroup section */

/* Begin PBXNativeTarget section */
		96FC2BC51F816D42005D3B54 /* event-manager-ios */ = {
			isa = PBXNativeTarget;
			buildConfigurationList = 96FC2BD81F816D42005D3B54 /* Build configuration list for PBXNativeTarget "event-manager-ios" */;
			buildPhases = (
				299010797FBBAA1412BDD98C /* [CP] Check Pods Manifest.lock */,
				96FC2BC21F816D42005D3B54 /* Sources */,
				96FC2BC31F816D42005D3B54 /* Frameworks */,
				96FC2BC41F816D42005D3B54 /* Resources */,
				96FC2BDF1F816FA2005D3B54 /* SwiftLint */,
				3BF05369782712F3594BFB21 /* [CP] Embed Pods Frameworks */,
				E2F46EC045EA2A1C9382D6D5 /* [CP] Copy Pods Resources */,
			);
			buildRules = (
			);
			dependencies = (
			);
			name = "event-manager-ios";
			productName = "event-manager-ios";
			productReference = 96FC2BC61F816D42005D3B54 /* event-manager-ios.app */;
			productType = "com.apple.product-type.application";
		};
/* End PBXNativeTarget section */

/* Begin PBXProject section */
		96FC2BBE1F816D42005D3B54 /* Project object */ = {
			isa = PBXProject;
			attributes = {
				LastSwiftUpdateCheck = 0900;
				LastUpgradeCheck = 0900;
				ORGANIZATIONNAME = "Gabor Eszenyi";
				TargetAttributes = {
					96FC2BC51F816D42005D3B54 = {
						CreatedOnToolsVersion = 9.0;
						ProvisioningStyle = Automatic;
					};
				};
			};
			buildConfigurationList = 96FC2BC11F816D42005D3B54 /* Build configuration list for PBXProject "event-manager-ios" */;
			compatibilityVersion = "Xcode 8.0";
			developmentRegion = en;
			hasScannedForEncodings = 0;
			knownRegions = (
				en,
				Base,
			);
			mainGroup = 96FC2BBD1F816D42005D3B54;
			productRefGroup = 96FC2BC71F816D42005D3B54 /* Products */;
			projectDirPath = "";
			projectRoot = "";
			targets = (
				96FC2BC51F816D42005D3B54 /* event-manager-ios */,
			);
		};
/* End PBXProject section */

/* Begin PBXResourcesBuildPhase section */
		96FC2BC41F816D42005D3B54 /* Resources */ = {
			isa = PBXResourcesBuildPhase;
			buildActionMask = 2147483647;
			files = (
				96FC2BDD1F816F46005D3B54 /* Onboarding.storyboard in Resources */,
				9653EFCF1F841EF900A98D68 /* Shared.storyboard in Resources */,
				6241DEE11F9133CA0011C32E /* Profile.storyboard in Resources */,
				6247732A1F93F2A200FD58B2 /* Localizable.strings in Resources */,
				96FC2BD41F816D42005D3B54 /* LaunchScreen.storyboard in Resources */,
				96FC2BD11F816D42005D3B54 /* Assets.xcassets in Resources */,
				96FC2BCF1F816D42005D3B54 /* Main.storyboard in Resources */,
			);
			runOnlyForDeploymentPostprocessing = 0;
		};
/* End PBXResourcesBuildPhase section */

/* Begin PBXShellScriptBuildPhase section */
		299010797FBBAA1412BDD98C /* [CP] Check Pods Manifest.lock */ = {
			isa = PBXShellScriptBuildPhase;
			buildActionMask = 2147483647;
			files = (
			);
			inputPaths = (
				"${PODS_PODFILE_DIR_PATH}/Podfile.lock",
				"${PODS_ROOT}/Manifest.lock",
			);
			name = "[CP] Check Pods Manifest.lock";
			outputPaths = (
				"$(DERIVED_FILE_DIR)/Pods-event-manager-ios-checkManifestLockResult.txt",
			);
			runOnlyForDeploymentPostprocessing = 0;
			shellPath = /bin/sh;
			shellScript = "diff \"${PODS_PODFILE_DIR_PATH}/Podfile.lock\" \"${PODS_ROOT}/Manifest.lock\" > /dev/null\nif [ $? != 0 ] ; then\n    # print error to STDERR\n    echo \"error: The sandbox is not in sync with the Podfile.lock. Run 'pod install' or update your CocoaPods installation.\" >&2\n    exit 1\nfi\n# This output is used by Xcode 'outputs' to avoid re-running this script phase.\necho \"SUCCESS\" > \"${SCRIPT_OUTPUT_FILE_0}\"\n";
			showEnvVarsInLog = 0;
		};
		3BF05369782712F3594BFB21 /* [CP] Embed Pods Frameworks */ = {
			isa = PBXShellScriptBuildPhase;
			buildActionMask = 2147483647;
			files = (
			);
			inputPaths = (
				"${SRCROOT}/Pods/Target Support Files/Pods-event-manager-ios/Pods-event-manager-ios-frameworks.sh",
				"${BUILT_PRODUCTS_DIR}/Alamofire/Alamofire.framework",
				"${BUILT_PRODUCTS_DIR}/AlamofireObjectMapper/AlamofireObjectMapper.framework",
				"${BUILT_PRODUCTS_DIR}/ChameleonFramework/ChameleonFramework.framework",
				"${BUILT_PRODUCTS_DIR}/Differentiator/Differentiator.framework",
				"${BUILT_PRODUCTS_DIR}/ObjectMapper/ObjectMapper.framework",
				"${BUILT_PRODUCTS_DIR}/RxCocoa/RxCocoa.framework",
				"${BUILT_PRODUCTS_DIR}/RxDataSources/RxDataSources.framework",
				"${BUILT_PRODUCTS_DIR}/RxSwift/RxSwift.framework",
				"${BUILT_PRODUCTS_DIR}/SDWebImage/SDWebImage.framework",
				"${BUILT_PRODUCTS_DIR}/SnapKit/SnapKit.framework",
				"${BUILT_PRODUCTS_DIR}/SwiftyJSON/SwiftyJSON.framework",
			);
			name = "[CP] Embed Pods Frameworks";
			outputPaths = (
				"${TARGET_BUILD_DIR}/${FRAMEWORKS_FOLDER_PATH}/Alamofire.framework",
				"${TARGET_BUILD_DIR}/${FRAMEWORKS_FOLDER_PATH}/AlamofireObjectMapper.framework",
				"${TARGET_BUILD_DIR}/${FRAMEWORKS_FOLDER_PATH}/ChameleonFramework.framework",
				"${TARGET_BUILD_DIR}/${FRAMEWORKS_FOLDER_PATH}/Differentiator.framework",
				"${TARGET_BUILD_DIR}/${FRAMEWORKS_FOLDER_PATH}/ObjectMapper.framework",
				"${TARGET_BUILD_DIR}/${FRAMEWORKS_FOLDER_PATH}/RxCocoa.framework",
				"${TARGET_BUILD_DIR}/${FRAMEWORKS_FOLDER_PATH}/RxDataSources.framework",
				"${TARGET_BUILD_DIR}/${FRAMEWORKS_FOLDER_PATH}/RxSwift.framework",
				"${TARGET_BUILD_DIR}/${FRAMEWORKS_FOLDER_PATH}/SDWebImage.framework",
				"${TARGET_BUILD_DIR}/${FRAMEWORKS_FOLDER_PATH}/SnapKit.framework",
				"${TARGET_BUILD_DIR}/${FRAMEWORKS_FOLDER_PATH}/SwiftyJSON.framework",
			);
			runOnlyForDeploymentPostprocessing = 0;
			shellPath = /bin/sh;
			shellScript = "\"${SRCROOT}/Pods/Target Support Files/Pods-event-manager-ios/Pods-event-manager-ios-frameworks.sh\"\n";
			showEnvVarsInLog = 0;
		};
		96FC2BDF1F816FA2005D3B54 /* SwiftLint */ = {
			isa = PBXShellScriptBuildPhase;
			buildActionMask = 2147483647;
			files = (
			);
			inputPaths = (
			);
			name = SwiftLint;
			outputPaths = (
			);
			runOnlyForDeploymentPostprocessing = 0;
			shellPath = /bin/sh;
			shellScript = "if which swiftlint >/dev/null; then\n    swiftlint\nelse\n    echo \"warning: SwiftLint not installed, download from https://github.com/realm/SwiftLint\"\nfi";
		};
		E2F46EC045EA2A1C9382D6D5 /* [CP] Copy Pods Resources */ = {
			isa = PBXShellScriptBuildPhase;
			buildActionMask = 2147483647;
			files = (
			);
			inputPaths = (
			);
			name = "[CP] Copy Pods Resources";
			outputPaths = (
			);
			runOnlyForDeploymentPostprocessing = 0;
			shellPath = /bin/sh;
			shellScript = "\"${SRCROOT}/Pods/Target Support Files/Pods-event-manager-ios/Pods-event-manager-ios-resources.sh\"\n";
			showEnvVarsInLog = 0;
		};
/* End PBXShellScriptBuildPhase section */

/* Begin PBXSourcesBuildPhase section */
		96FC2BC21F816D42005D3B54 /* Sources */ = {
			isa = PBXSourcesBuildPhase;
			buildActionMask = 2147483647;
			files = (
				6213B5B81F89061C00121CFF /* String+Extensions.swift in Sources */,
				626695C21F89335600AA54EA /* EventCellViewModel.swift in Sources */,
				7D575DD81FA1EFF100AE5BD2 /* NewsCell.swift in Sources */,
				96FC2BEC1F817CA7005D3B54 /* RestClient.swift in Sources */,
				6213B5BA1F89062800121CFF /* Date+Extensions.swift in Sources */,
				625DC8231F8934FF008AE6DE /* EventListViewController.swift in Sources */,
				7D575DDA1FA1F28D00AE5BD2 /* News.swift in Sources */,
				625DC8241F8934FF008AE6DE /* EventListViewModel.swift in Sources */,
				621A9AF81F99DD43000EB45F /* EventFilter.swift in Sources */,
				62374F301F93A2CD00C9841A /* EventDetailsViewController.swift in Sources */,
				6213B59D1F88E11D00121CFF /* Event.swift in Sources */,
				627E31131FB762CF00BAB196 /* PlaceDetailsViewModel.swift in Sources */,
				62374F351F93A2FC00C9841A /* EventDetailDescriptionCell.swift in Sources */,
				62B2B1821FA2173300617D08 /* Filter.swift in Sources */,
				62B2B1811FA2173300617D08 /* EventFilterCell.swift in Sources */,
				6213B5A71F88E18500121CFF /* TableViewSection.swift in Sources */,
				7D575DD31FA1E30600AE5BD2 /* NewsListViewController.swift in Sources */,
				7D575DD51FA1EE4900AE5BD2 /* NewsListViewModel.swift in Sources */,
				62374F381F93C3DE00C9841A /* EventDetailDescription.swift in Sources */,
				62E06BFA1FB747F60000376C /* MKPlaceAnnotation.swift in Sources */,
				7D575DDC1FA1F3DC00AE5BD2 /* NewsCellViewModel.swift in Sources */,
				96FC2BF21F81964B005D3B54 /* Configuration.swift in Sources */,
				6213B5B21F88E98300121CFF /* Location.swift in Sources */,
				625DC8201F893483008AE6DE /* EventHeaderCellViewModel.swift in Sources */,
				96FC2BE91F81739A005D3B54 /* LogInViewController.swift in Sources */,
				62E06BF11FB738DD0000376C /* MapViewModel.swift in Sources */,
				6213B5A51F88E18500121CFF /* Bindable.swift in Sources */,
				621A9AFC1F99DEF9000EB45F /* EventGroup.swift in Sources */,
				6213B5A61F88E18500121CFF /* ReactiveBindable.swift in Sources */,
				627E311B1FB769E300BAB196 /* MapOptionCellViewModel.swift in Sources */,
				627E311A1FB769E300BAB196 /* MapOptionCell.swift in Sources */,
				624BE26B1F9A892B0000F5EB /* Collection+Extensions.swift in Sources */,
				62E06BF61FB740C90000376C /* MapOptionsViewModel.swift in Sources */,
				6213B5AA1F88E2D900121CFF /* Enums.swift in Sources */,
				9653EFD41F841F5800A98D68 /* LoadingViewModel.swift in Sources */,
				62E06BF71FB740C90000376C /* MapOptionsTableViewController.swift in Sources */,
				6213B5B01F88E86E00121CFF /* Place.swift in Sources */,
				96FC2BEA1F81739A005D3B54 /* LogInViewModel.swift in Sources */,
				625DC81E1F893483008AE6DE /* EventHeader.swift in Sources */,
				6213B59F1F88E13A00121CFF /* UIExtended.swift in Sources */,
				62E06BF21FB738DD0000376C /* MapViewController.swift in Sources */,
				6213B5A81F88E18500121CFF /* TitlePresentable.swift in Sources */,
				6213B5AE1F88E85E00121CFF /* Performer.swift in Sources */,
				627E31191FB769E300BAB196 /* MapOption.swift in Sources */,
				96FC2BCA1F816D42005D3B54 /* AppDelegate.swift in Sources */,
				627E31141FB762CF00BAB196 /* PlaceDetailsViewController.swift in Sources */,
				9653EFD31F841F5800A98D68 /* LoadingViewController.swift in Sources */,
				625DC81F1F893483008AE6DE /* EventHeaderCell.swift in Sources */,
				62B2B1831FA2173300617D08 /* EventFilterViewModel.swift in Sources */,
				62B2B1851FA2173300617D08 /* EventFilterTableViewController.swift in Sources */,
				62374F311F93A2CD00C9841A /* EventDetailsViewModel.swift in Sources */,
				626695C11F89335600AA54EA /* EventCell.swift in Sources */,
				6213B5B41F88FE4400121CFF /* BaseResponse.swift in Sources */,
				9653EFD61F8422FF00A98D68 /* Constants.swift in Sources */,
				62B2B1841FA2173300617D08 /* EventFilterCellViewModel.swift in Sources */,
				62374F361F93A2FC00C9841A /* EventDetailDescriptionCellViewModel.swift in Sources */,
				625DC8261F89373C008AE6DE /* Sequence+Extensions.swift in Sources */,
			);
			runOnlyForDeploymentPostprocessing = 0;
		};
/* End PBXSourcesBuildPhase section */

/* Begin PBXVariantGroup section */
		6247732C1F93F2A200FD58B2 /* Localizable.strings */ = {
			isa = PBXVariantGroup;
			children = (
				6247732B1F93F2A200FD58B2 /* en */,
			);
			name = Localizable.strings;
			sourceTree = "<group>";
		};
		96FC2BCD1F816D42005D3B54 /* Main.storyboard */ = {
			isa = PBXVariantGroup;
			children = (
				96FC2BCE1F816D42005D3B54 /* Base */,
			);
			name = Main.storyboard;
			sourceTree = "<group>";
		};
		96FC2BD21F816D42005D3B54 /* LaunchScreen.storyboard */ = {
			isa = PBXVariantGroup;
			children = (
				96FC2BD31F816D42005D3B54 /* Base */,
			);
			name = LaunchScreen.storyboard;
			sourceTree = "<group>";
		};
/* End PBXVariantGroup section */

/* Begin XCBuildConfiguration section */
		96FC2BD61F816D42005D3B54 /* Debug Staging */ = {
			isa = XCBuildConfiguration;
			buildSettings = {
				ALWAYS_SEARCH_USER_PATHS = NO;
				CLANG_ANALYZER_NONNULL = YES;
				CLANG_ANALYZER_NUMBER_OBJECT_CONVERSION = YES_AGGRESSIVE;
				CLANG_CXX_LANGUAGE_STANDARD = "gnu++14";
				CLANG_CXX_LIBRARY = "libc++";
				CLANG_ENABLE_MODULES = YES;
				CLANG_ENABLE_OBJC_ARC = YES;
				CLANG_WARN_BLOCK_CAPTURE_AUTORELEASING = YES;
				CLANG_WARN_BOOL_CONVERSION = YES;
				CLANG_WARN_COMMA = YES;
				CLANG_WARN_CONSTANT_CONVERSION = YES;
				CLANG_WARN_DIRECT_OBJC_ISA_USAGE = YES_ERROR;
				CLANG_WARN_DOCUMENTATION_COMMENTS = YES;
				CLANG_WARN_EMPTY_BODY = YES;
				CLANG_WARN_ENUM_CONVERSION = YES;
				CLANG_WARN_INFINITE_RECURSION = YES;
				CLANG_WARN_INT_CONVERSION = YES;
				CLANG_WARN_NON_LITERAL_NULL_CONVERSION = YES;
				CLANG_WARN_OBJC_LITERAL_CONVERSION = YES;
				CLANG_WARN_OBJC_ROOT_CLASS = YES_ERROR;
				CLANG_WARN_RANGE_LOOP_ANALYSIS = YES;
				CLANG_WARN_STRICT_PROTOTYPES = YES;
				CLANG_WARN_SUSPICIOUS_MOVE = YES;
				CLANG_WARN_UNGUARDED_AVAILABILITY = YES_AGGRESSIVE;
				CLANG_WARN_UNREACHABLE_CODE = YES;
				CLANG_WARN__DUPLICATE_METHOD_MATCH = YES;
				CODE_SIGN_IDENTITY = "iPhone Developer";
				COPY_PHASE_STRIP = NO;
				DEBUG_INFORMATION_FORMAT = dwarf;
				ENABLE_STRICT_OBJC_MSGSEND = YES;
				ENABLE_TESTABILITY = YES;
				GCC_C_LANGUAGE_STANDARD = gnu11;
				GCC_DYNAMIC_NO_PIC = NO;
				GCC_NO_COMMON_BLOCKS = YES;
				GCC_OPTIMIZATION_LEVEL = 0;
				GCC_PREPROCESSOR_DEFINITIONS = (
					"DEBUG=1",
					"$(inherited)",
				);
				GCC_WARN_64_TO_32_BIT_CONVERSION = YES;
				GCC_WARN_ABOUT_RETURN_TYPE = YES_ERROR;
				GCC_WARN_UNDECLARED_SELECTOR = YES;
				GCC_WARN_UNINITIALIZED_AUTOS = YES_AGGRESSIVE;
				GCC_WARN_UNUSED_FUNCTION = YES;
				GCC_WARN_UNUSED_VARIABLE = YES;
				IPHONEOS_DEPLOYMENT_TARGET = 11.0;
				MTL_ENABLE_DEBUG_INFO = YES;
				ONLY_ACTIVE_ARCH = YES;
				SDKROOT = iphoneos;
				SWIFT_ACTIVE_COMPILATION_CONDITIONS = DEBUG;
				SWIFT_OPTIMIZATION_LEVEL = "-Onone";
			};
			name = "Debug Staging";
		};
		96FC2BD71F816D42005D3B54 /* Release */ = {
			isa = XCBuildConfiguration;
			buildSettings = {
				ALWAYS_SEARCH_USER_PATHS = NO;
				CLANG_ANALYZER_NONNULL = YES;
				CLANG_ANALYZER_NUMBER_OBJECT_CONVERSION = YES_AGGRESSIVE;
				CLANG_CXX_LANGUAGE_STANDARD = "gnu++14";
				CLANG_CXX_LIBRARY = "libc++";
				CLANG_ENABLE_MODULES = YES;
				CLANG_ENABLE_OBJC_ARC = YES;
				CLANG_WARN_BLOCK_CAPTURE_AUTORELEASING = YES;
				CLANG_WARN_BOOL_CONVERSION = YES;
				CLANG_WARN_COMMA = YES;
				CLANG_WARN_CONSTANT_CONVERSION = YES;
				CLANG_WARN_DIRECT_OBJC_ISA_USAGE = YES_ERROR;
				CLANG_WARN_DOCUMENTATION_COMMENTS = YES;
				CLANG_WARN_EMPTY_BODY = YES;
				CLANG_WARN_ENUM_CONVERSION = YES;
				CLANG_WARN_INFINITE_RECURSION = YES;
				CLANG_WARN_INT_CONVERSION = YES;
				CLANG_WARN_NON_LITERAL_NULL_CONVERSION = YES;
				CLANG_WARN_OBJC_LITERAL_CONVERSION = YES;
				CLANG_WARN_OBJC_ROOT_CLASS = YES_ERROR;
				CLANG_WARN_RANGE_LOOP_ANALYSIS = YES;
				CLANG_WARN_STRICT_PROTOTYPES = YES;
				CLANG_WARN_SUSPICIOUS_MOVE = YES;
				CLANG_WARN_UNGUARDED_AVAILABILITY = YES_AGGRESSIVE;
				CLANG_WARN_UNREACHABLE_CODE = YES;
				CLANG_WARN__DUPLICATE_METHOD_MATCH = YES;
				CODE_SIGN_IDENTITY = "iPhone Developer";
				COPY_PHASE_STRIP = NO;
				DEBUG_INFORMATION_FORMAT = "dwarf-with-dsym";
				ENABLE_NS_ASSERTIONS = NO;
				ENABLE_STRICT_OBJC_MSGSEND = YES;
				GCC_C_LANGUAGE_STANDARD = gnu11;
				GCC_NO_COMMON_BLOCKS = YES;
				GCC_WARN_64_TO_32_BIT_CONVERSION = YES;
				GCC_WARN_ABOUT_RETURN_TYPE = YES_ERROR;
				GCC_WARN_UNDECLARED_SELECTOR = YES;
				GCC_WARN_UNINITIALIZED_AUTOS = YES_AGGRESSIVE;
				GCC_WARN_UNUSED_FUNCTION = YES;
				GCC_WARN_UNUSED_VARIABLE = YES;
				IPHONEOS_DEPLOYMENT_TARGET = 11.0;
				MTL_ENABLE_DEBUG_INFO = NO;
				SDKROOT = iphoneos;
				SWIFT_OPTIMIZATION_LEVEL = "-Owholemodule";
				VALIDATE_PRODUCT = YES;
			};
			name = Release;
		};
		96FC2BD91F816D42005D3B54 /* Debug Staging */ = {
			isa = XCBuildConfiguration;
			baseConfigurationReference = 55AEA7F26090E46A0323C7F4 /* Pods-event-manager-ios.debug staging.xcconfig */;
			buildSettings = {
				ASSETCATALOG_COMPILER_APPICON_NAME = AppIcon;
				CODE_SIGN_STYLE = Automatic;
				DEVELOPMENT_TEAM = QT666FZ6Y2;
				INFOPLIST_FILE = "event-manager-ios/Info.plist";
				LD_RUNPATH_SEARCH_PATHS = "$(inherited) @executable_path/Frameworks";
				PRODUCT_BUNDLE_IDENTIFIER = "com.gaboreszenyi.event-manager-ios";
				PRODUCT_NAME = "$(TARGET_NAME)";
				SWIFT_VERSION = 4.0;
				TARGETED_DEVICE_FAMILY = "1,2";
			};
			name = "Debug Staging";
		};
		96FC2BDA1F816D42005D3B54 /* Release */ = {
			isa = XCBuildConfiguration;
			baseConfigurationReference = 4B529FECA67FFFAE034AF712 /* Pods-event-manager-ios.release.xcconfig */;
			buildSettings = {
				ASSETCATALOG_COMPILER_APPICON_NAME = AppIcon;
				CODE_SIGN_STYLE = Automatic;
				DEVELOPMENT_TEAM = QT666FZ6Y2;
				INFOPLIST_FILE = "event-manager-ios/Info.plist";
				LD_RUNPATH_SEARCH_PATHS = "$(inherited) @executable_path/Frameworks";
				PRODUCT_BUNDLE_IDENTIFIER = "com.gaboreszenyi.event-manager-ios";
				PRODUCT_NAME = "$(TARGET_NAME)";
				SWIFT_VERSION = 4.0;
				TARGETED_DEVICE_FAMILY = "1,2";
			};
			name = Release;
		};
		96FC2BED1F819382005D3B54 /* Debug Mock */ = {
			isa = XCBuildConfiguration;
			buildSettings = {
				ALWAYS_SEARCH_USER_PATHS = NO;
				CLANG_ANALYZER_NONNULL = YES;
				CLANG_ANALYZER_NUMBER_OBJECT_CONVERSION = YES_AGGRESSIVE;
				CLANG_CXX_LANGUAGE_STANDARD = "gnu++14";
				CLANG_CXX_LIBRARY = "libc++";
				CLANG_ENABLE_MODULES = YES;
				CLANG_ENABLE_OBJC_ARC = YES;
				CLANG_WARN_BLOCK_CAPTURE_AUTORELEASING = YES;
				CLANG_WARN_BOOL_CONVERSION = YES;
				CLANG_WARN_COMMA = YES;
				CLANG_WARN_CONSTANT_CONVERSION = YES;
				CLANG_WARN_DIRECT_OBJC_ISA_USAGE = YES_ERROR;
				CLANG_WARN_DOCUMENTATION_COMMENTS = YES;
				CLANG_WARN_EMPTY_BODY = YES;
				CLANG_WARN_ENUM_CONVERSION = YES;
				CLANG_WARN_INFINITE_RECURSION = YES;
				CLANG_WARN_INT_CONVERSION = YES;
				CLANG_WARN_NON_LITERAL_NULL_CONVERSION = YES;
				CLANG_WARN_OBJC_LITERAL_CONVERSION = YES;
				CLANG_WARN_OBJC_ROOT_CLASS = YES_ERROR;
				CLANG_WARN_RANGE_LOOP_ANALYSIS = YES;
				CLANG_WARN_STRICT_PROTOTYPES = YES;
				CLANG_WARN_SUSPICIOUS_MOVE = YES;
				CLANG_WARN_UNGUARDED_AVAILABILITY = YES_AGGRESSIVE;
				CLANG_WARN_UNREACHABLE_CODE = YES;
				CLANG_WARN__DUPLICATE_METHOD_MATCH = YES;
				CODE_SIGN_IDENTITY = "iPhone Developer";
				COPY_PHASE_STRIP = NO;
				DEBUG_INFORMATION_FORMAT = dwarf;
				ENABLE_STRICT_OBJC_MSGSEND = YES;
				ENABLE_TESTABILITY = YES;
				GCC_C_LANGUAGE_STANDARD = gnu11;
				GCC_DYNAMIC_NO_PIC = NO;
				GCC_NO_COMMON_BLOCKS = YES;
				GCC_OPTIMIZATION_LEVEL = 0;
				GCC_PREPROCESSOR_DEFINITIONS = (
					"DEBUG=1",
					"$(inherited)",
				);
				GCC_WARN_64_TO_32_BIT_CONVERSION = YES;
				GCC_WARN_ABOUT_RETURN_TYPE = YES_ERROR;
				GCC_WARN_UNDECLARED_SELECTOR = YES;
				GCC_WARN_UNINITIALIZED_AUTOS = YES_AGGRESSIVE;
				GCC_WARN_UNUSED_FUNCTION = YES;
				GCC_WARN_UNUSED_VARIABLE = YES;
				IPHONEOS_DEPLOYMENT_TARGET = 11.0;
				MTL_ENABLE_DEBUG_INFO = YES;
				ONLY_ACTIVE_ARCH = YES;
				SDKROOT = iphoneos;
				SWIFT_ACTIVE_COMPILATION_CONDITIONS = DEBUG;
				SWIFT_OPTIMIZATION_LEVEL = "-Onone";
			};
			name = "Debug Mock";
		};
		96FC2BEE1F819382005D3B54 /* Debug Mock */ = {
			isa = XCBuildConfiguration;
			baseConfigurationReference = A41F3AB19CDF3D358A700AA8 /* Pods-event-manager-ios.debug mock.xcconfig */;
			buildSettings = {
				ASSETCATALOG_COMPILER_APPICON_NAME = AppIcon;
				CODE_SIGN_STYLE = Automatic;
				DEVELOPMENT_TEAM = QT666FZ6Y2;
				INFOPLIST_FILE = "event-manager-ios/Info.plist";
				LD_RUNPATH_SEARCH_PATHS = "$(inherited) @executable_path/Frameworks";
				PRODUCT_BUNDLE_IDENTIFIER = "com.gaboreszenyi.event-manager-ios";
				PRODUCT_NAME = "$(TARGET_NAME)";
				SWIFT_VERSION = 4.0;
				TARGETED_DEVICE_FAMILY = "1,2";
			};
			name = "Debug Mock";
		};
/* End XCBuildConfiguration section */

/* Begin XCConfigurationList section */
		96FC2BC11F816D42005D3B54 /* Build configuration list for PBXProject "event-manager-ios" */ = {
			isa = XCConfigurationList;
			buildConfigurations = (
				96FC2BD61F816D42005D3B54 /* Debug Staging */,
				96FC2BED1F819382005D3B54 /* Debug Mock */,
				96FC2BD71F816D42005D3B54 /* Release */,
			);
			defaultConfigurationIsVisible = 0;
			defaultConfigurationName = Release;
		};
		96FC2BD81F816D42005D3B54 /* Build configuration list for PBXNativeTarget "event-manager-ios" */ = {
			isa = XCConfigurationList;
			buildConfigurations = (
				96FC2BD91F816D42005D3B54 /* Debug Staging */,
				96FC2BEE1F819382005D3B54 /* Debug Mock */,
				96FC2BDA1F816D42005D3B54 /* Release */,
			);
			defaultConfigurationIsVisible = 0;
			defaultConfigurationName = Release;
		};
/* End XCConfigurationList section */
	};
	rootObject = 96FC2BBE1F816D42005D3B54 /* Project object */;
}
