// !$*UTF8*$!
{
	archiveVersion = 1;
	classes = {
	};
	objectVersion = 48;
	objects = {

/* Begin PBXBuildFile section */
		22F3586F76B2149523E10596 /* Pods_event_manager_ios.framework in Frameworks */ = {isa = PBXBuildFile; fileRef = A364A175C667325B9D925C3A /* Pods_event_manager_ios.framework */; };
		6213B59D1F88E11D00121CFF /* Event.swift in Sources */ = {isa = PBXBuildFile; fileRef = 6213B59C1F88E11D00121CFF /* Event.swift */; };
		6213B59F1F88E13A00121CFF /* UIExtended.swift in Sources */ = {isa = PBXBuildFile; fileRef = 6213B59E1F88E13A00121CFF /* UIExtended.swift */; };
		6213B5A51F88E18500121CFF /* Bindable.swift in Sources */ = {isa = PBXBuildFile; fileRef = 6213B5A11F88E18500121CFF /* Bindable.swift */; };
		6213B5A61F88E18500121CFF /* ReactiveBindable.swift in Sources */ = {isa = PBXBuildFile; fileRef = 6213B5A21F88E18500121CFF /* ReactiveBindable.swift */; };
		6213B5A71F88E18500121CFF /* TableViewSection.swift in Sources */ = {isa = PBXBuildFile; fileRef = 6213B5A31F88E18500121CFF /* TableViewSection.swift */; };
		6213B5A81F88E18500121CFF /* TitlePresentable.swift in Sources */ = {isa = PBXBuildFile; fileRef = 6213B5A41F88E18500121CFF /* TitlePresentable.swift */; };
		6213B5AA1F88E2D900121CFF /* Enums.swift in Sources */ = {isa = PBXBuildFile; fileRef = 6213B5A91F88E2D900121CFF /* Enums.swift */; };
		6213B5AE1F88E85E00121CFF /* Performer.swift in Sources */ = {isa = PBXBuildFile; fileRef = 6213B5AD1F88E85E00121CFF /* Performer.swift */; };
		6213B5B01F88E86E00121CFF /* Place.swift in Sources */ = {isa = PBXBuildFile; fileRef = 6213B5AF1F88E86E00121CFF /* Place.swift */; };
		6213B5B21F88E98300121CFF /* Location.swift in Sources */ = {isa = PBXBuildFile; fileRef = 6213B5B11F88E98300121CFF /* Location.swift */; };
		9653EFCF1F841EF900A98D68 /* Shared.storyboard in Resources */ = {isa = PBXBuildFile; fileRef = 9653EFCE1F841EF900A98D68 /* Shared.storyboard */; };
		9653EFD31F841F5800A98D68 /* LoadingViewController.swift in Sources */ = {isa = PBXBuildFile; fileRef = 9653EFD11F841F5800A98D68 /* LoadingViewController.swift */; };
		9653EFD41F841F5800A98D68 /* LoadingViewModel.swift in Sources */ = {isa = PBXBuildFile; fileRef = 9653EFD21F841F5800A98D68 /* LoadingViewModel.swift */; };
		9653EFD61F8422FF00A98D68 /* Constants.swift in Sources */ = {isa = PBXBuildFile; fileRef = 9653EFD51F8422FF00A98D68 /* Constants.swift */; };
		96FC2BCA1F816D42005D3B54 /* AppDelegate.swift in Sources */ = {isa = PBXBuildFile; fileRef = 96FC2BC91F816D42005D3B54 /* AppDelegate.swift */; };
		96FC2BCF1F816D42005D3B54 /* Main.storyboard in Resources */ = {isa = PBXBuildFile; fileRef = 96FC2BCD1F816D42005D3B54 /* Main.storyboard */; };
		96FC2BD11F816D42005D3B54 /* Assets.xcassets in Resources */ = {isa = PBXBuildFile; fileRef = 96FC2BD01F816D42005D3B54 /* Assets.xcassets */; };
		96FC2BD41F816D42005D3B54 /* LaunchScreen.storyboard in Resources */ = {isa = PBXBuildFile; fileRef = 96FC2BD21F816D42005D3B54 /* LaunchScreen.storyboard */; };
		96FC2BDD1F816F46005D3B54 /* Onboarding.storyboard in Resources */ = {isa = PBXBuildFile; fileRef = 96FC2BDC1F816F46005D3B54 /* Onboarding.storyboard */; };
		96FC2BE91F81739A005D3B54 /* LogInViewController.swift in Sources */ = {isa = PBXBuildFile; fileRef = 96FC2BE71F817399005D3B54 /* LogInViewController.swift */; };
		96FC2BEA1F81739A005D3B54 /* LogInViewModel.swift in Sources */ = {isa = PBXBuildFile; fileRef = 96FC2BE81F81739A005D3B54 /* LogInViewModel.swift */; };
		96FC2BEC1F817CA7005D3B54 /* RestClient.swift in Sources */ = {isa = PBXBuildFile; fileRef = 96FC2BEB1F817CA7005D3B54 /* RestClient.swift */; };
		96FC2BF21F81964B005D3B54 /* Configuration.swift in Sources */ = {isa = PBXBuildFile; fileRef = 96FC2BF11F81964B005D3B54 /* Configuration.swift */; };
/* End PBXBuildFile section */

/* Begin PBXFileReference section */
		45AE099A1193B62A9B246F55 /* Pods-event-manager-ios.debug.xcconfig */ = {isa = PBXFileReference; includeInIndex = 1; lastKnownFileType = text.xcconfig; name = "Pods-event-manager-ios.debug.xcconfig"; path = "Pods/Target Support Files/Pods-event-manager-ios/Pods-event-manager-ios.debug.xcconfig"; sourceTree = "<group>"; };
		4B529FECA67FFFAE034AF712 /* Pods-event-manager-ios.release.xcconfig */ = {isa = PBXFileReference; includeInIndex = 1; lastKnownFileType = text.xcconfig; name = "Pods-event-manager-ios.release.xcconfig"; path = "Pods/Target Support Files/Pods-event-manager-ios/Pods-event-manager-ios.release.xcconfig"; sourceTree = "<group>"; };
		55AEA7F26090E46A0323C7F4 /* Pods-event-manager-ios.debug staging.xcconfig */ = {isa = PBXFileReference; includeInIndex = 1; lastKnownFileType = text.xcconfig; name = "Pods-event-manager-ios.debug staging.xcconfig"; path = "Pods/Target Support Files/Pods-event-manager-ios/Pods-event-manager-ios.debug staging.xcconfig"; sourceTree = "<group>"; };
		6213B59C1F88E11D00121CFF /* Event.swift */ = {isa = PBXFileReference; lastKnownFileType = sourcecode.swift; path = Event.swift; sourceTree = "<group>"; };
		6213B59E1F88E13A00121CFF /* UIExtended.swift */ = {isa = PBXFileReference; lastKnownFileType = sourcecode.swift; path = UIExtended.swift; sourceTree = "<group>"; };
		6213B5A11F88E18500121CFF /* Bindable.swift */ = {isa = PBXFileReference; lastKnownFileType = sourcecode.swift; path = Bindable.swift; sourceTree = "<group>"; };
		6213B5A21F88E18500121CFF /* ReactiveBindable.swift */ = {isa = PBXFileReference; lastKnownFileType = sourcecode.swift; path = ReactiveBindable.swift; sourceTree = "<group>"; };
		6213B5A31F88E18500121CFF /* TableViewSection.swift */ = {isa = PBXFileReference; lastKnownFileType = sourcecode.swift; path = TableViewSection.swift; sourceTree = "<group>"; };
		6213B5A41F88E18500121CFF /* TitlePresentable.swift */ = {isa = PBXFileReference; lastKnownFileType = sourcecode.swift; path = TitlePresentable.swift; sourceTree = "<group>"; };
		6213B5A91F88E2D900121CFF /* Enums.swift */ = {isa = PBXFileReference; lastKnownFileType = sourcecode.swift; path = Enums.swift; sourceTree = "<group>"; };
		6213B5AD1F88E85E00121CFF /* Performer.swift */ = {isa = PBXFileReference; lastKnownFileType = sourcecode.swift; path = Performer.swift; sourceTree = "<group>"; };
		6213B5AF1F88E86E00121CFF /* Place.swift */ = {isa = PBXFileReference; lastKnownFileType = sourcecode.swift; path = Place.swift; sourceTree = "<group>"; };
		6213B5B11F88E98300121CFF /* Location.swift */ = {isa = PBXFileReference; lastKnownFileType = sourcecode.swift; path = Location.swift; sourceTree = "<group>"; };
		9653EFCE1F841EF900A98D68 /* Shared.storyboard */ = {isa = PBXFileReference; lastKnownFileType = file.storyboard; path = Shared.storyboard; sourceTree = "<group>"; };
		9653EFD11F841F5800A98D68 /* LoadingViewController.swift */ = {isa = PBXFileReference; lastKnownFileType = sourcecode.swift; path = LoadingViewController.swift; sourceTree = "<group>"; };
		9653EFD21F841F5800A98D68 /* LoadingViewModel.swift */ = {isa = PBXFileReference; lastKnownFileType = sourcecode.swift; path = LoadingViewModel.swift; sourceTree = "<group>"; };
		9653EFD51F8422FF00A98D68 /* Constants.swift */ = {isa = PBXFileReference; lastKnownFileType = sourcecode.swift; path = Constants.swift; sourceTree = "<group>"; };
		96FC2BC61F816D42005D3B54 /* event-manager-ios.app */ = {isa = PBXFileReference; explicitFileType = wrapper.application; includeInIndex = 0; path = "event-manager-ios.app"; sourceTree = BUILT_PRODUCTS_DIR; };
		96FC2BC91F816D42005D3B54 /* AppDelegate.swift */ = {isa = PBXFileReference; lastKnownFileType = sourcecode.swift; path = AppDelegate.swift; sourceTree = "<group>"; };
		96FC2BCE1F816D42005D3B54 /* Base */ = {isa = PBXFileReference; lastKnownFileType = file.storyboard; name = Base; path = Base.lproj/Main.storyboard; sourceTree = "<group>"; };
		96FC2BD01F816D42005D3B54 /* Assets.xcassets */ = {isa = PBXFileReference; lastKnownFileType = folder.assetcatalog; path = Assets.xcassets; sourceTree = "<group>"; };
		96FC2BD31F816D42005D3B54 /* Base */ = {isa = PBXFileReference; lastKnownFileType = file.storyboard; name = Base; path = Base.lproj/LaunchScreen.storyboard; sourceTree = "<group>"; };
		96FC2BD51F816D42005D3B54 /* Info.plist */ = {isa = PBXFileReference; lastKnownFileType = text.plist.xml; path = Info.plist; sourceTree = "<group>"; };
		96FC2BDC1F816F46005D3B54 /* Onboarding.storyboard */ = {isa = PBXFileReference; lastKnownFileType = file.storyboard; path = Onboarding.storyboard; sourceTree = "<group>"; };
		96FC2BE71F817399005D3B54 /* LogInViewController.swift */ = {isa = PBXFileReference; lastKnownFileType = sourcecode.swift; path = LogInViewController.swift; sourceTree = "<group>"; };
		96FC2BE81F81739A005D3B54 /* LogInViewModel.swift */ = {isa = PBXFileReference; lastKnownFileType = sourcecode.swift; path = LogInViewModel.swift; sourceTree = "<group>"; };
		96FC2BEB1F817CA7005D3B54 /* RestClient.swift */ = {isa = PBXFileReference; lastKnownFileType = sourcecode.swift; path = RestClient.swift; sourceTree = "<group>"; };
		96FC2BF11F81964B005D3B54 /* Configuration.swift */ = {isa = PBXFileReference; lastKnownFileType = sourcecode.swift; path = Configuration.swift; sourceTree = "<group>"; };
		A364A175C667325B9D925C3A /* Pods_event_manager_ios.framework */ = {isa = PBXFileReference; explicitFileType = wrapper.framework; includeInIndex = 0; path = Pods_event_manager_ios.framework; sourceTree = BUILT_PRODUCTS_DIR; };
		A41F3AB19CDF3D358A700AA8 /* Pods-event-manager-ios.debug mock.xcconfig */ = {isa = PBXFileReference; includeInIndex = 1; lastKnownFileType = text.xcconfig; name = "Pods-event-manager-ios.debug mock.xcconfig"; path = "Pods/Target Support Files/Pods-event-manager-ios/Pods-event-manager-ios.debug mock.xcconfig"; sourceTree = "<group>"; };
/* End PBXFileReference section */

/* Begin PBXFrameworksBuildPhase section */
		96FC2BC31F816D42005D3B54 /* Frameworks */ = {
			isa = PBXFrameworksBuildPhase;
			buildActionMask = 2147483647;
			files = (
				22F3586F76B2149523E10596 /* Pods_event_manager_ios.framework in Frameworks */,
			);
			runOnlyForDeploymentPostprocessing = 0;
		};
/* End PBXFrameworksBuildPhase section */

/* Begin PBXGroup section */
		6213B5A01F88E15600121CFF /* Base Requirements */ = {
			isa = PBXGroup;
			children = (
				6213B5A11F88E18500121CFF /* Bindable.swift */,
				6213B5A21F88E18500121CFF /* ReactiveBindable.swift */,
				6213B5A31F88E18500121CFF /* TableViewSection.swift */,
				6213B5A41F88E18500121CFF /* TitlePresentable.swift */,
			);
			path = "Base Requirements";
			sourceTree = "<group>";
		};
		8994007921693A1F9280DE0F /* Pods */ = {
			isa = PBXGroup;
			children = (
				45AE099A1193B62A9B246F55 /* Pods-event-manager-ios.debug.xcconfig */,
				4B529FECA67FFFAE034AF712 /* Pods-event-manager-ios.release.xcconfig */,
				A41F3AB19CDF3D358A700AA8 /* Pods-event-manager-ios.debug mock.xcconfig */,
				55AEA7F26090E46A0323C7F4 /* Pods-event-manager-ios.debug staging.xcconfig */,
			);
			name = Pods;
			sourceTree = "<group>";
		};
		946C899003EBCD47D43D0EE3 /* Frameworks */ = {
			isa = PBXGroup;
			children = (
				A364A175C667325B9D925C3A /* Pods_event_manager_ios.framework */,
			);
			name = Frameworks;
			sourceTree = "<group>";
		};
		9653EFD01F841F4200A98D68 /* Loading */ = {
			isa = PBXGroup;
			children = (
				9653EFD11F841F5800A98D68 /* LoadingViewController.swift */,
				9653EFD21F841F5800A98D68 /* LoadingViewModel.swift */,
			);
			path = Loading;
			sourceTree = "<group>";
		};
		96FC2BBD1F816D42005D3B54 = {
			isa = PBXGroup;
			children = (
				96FC2BC81F816D42005D3B54 /* event-manager-ios */,
				96FC2BC71F816D42005D3B54 /* Products */,
				8994007921693A1F9280DE0F /* Pods */,
				946C899003EBCD47D43D0EE3 /* Frameworks */,
			);
			sourceTree = "<group>";
		};
		96FC2BC71F816D42005D3B54 /* Products */ = {
			isa = PBXGroup;
			children = (
				96FC2BC61F816D42005D3B54 /* event-manager-ios.app */,
			);
			name = Products;
			sourceTree = "<group>";
		};
		96FC2BC81F816D42005D3B54 /* event-manager-ios */ = {
			isa = PBXGroup;
			children = (
				96FC2BC91F816D42005D3B54 /* AppDelegate.swift */,
				96FC2BE01F81710C005D3B54 /* Modules */,
				96FC2BE11F817158005D3B54 /* Shared */,
				96FC2BE31F817179005D3B54 /* Utilities */,
				96FC2BDB1F816F09005D3B54 /* Storyboards */,
				96FC2BD01F816D42005D3B54 /* Assets.xcassets */,
				96FC2BD21F816D42005D3B54 /* LaunchScreen.storyboard */,
				96FC2BD51F816D42005D3B54 /* Info.plist */,
			);
			path = "event-manager-ios";
			sourceTree = "<group>";
		};
		96FC2BDB1F816F09005D3B54 /* Storyboards */ = {
			isa = PBXGroup;
			children = (
				96FC2BCD1F816D42005D3B54 /* Main.storyboard */,
				96FC2BDC1F816F46005D3B54 /* Onboarding.storyboard */,
				9653EFCE1F841EF900A98D68 /* Shared.storyboard */,
			);
			path = Storyboards;
			sourceTree = "<group>";
		};
		96FC2BE01F81710C005D3B54 /* Modules */ = {
			isa = PBXGroup;
			children = (
				9653EFD01F841F4200A98D68 /* Loading */,
				96FC2BE61F8172AE005D3B54 /* LogIn */,
			);
			path = Modules;
			sourceTree = "<group>";
		};
		96FC2BE11F817158005D3B54 /* Shared */ = {
			isa = PBXGroup;
			children = (
				96FC2BE21F81715D005D3B54 /* Models */,
			);
			path = Shared;
			sourceTree = "<group>";
		};
		96FC2BE21F81715D005D3B54 /* Models */ = {
			isa = PBXGroup;
			children = (
				6213B59C1F88E11D00121CFF /* Event.swift */,
				6213B5AD1F88E85E00121CFF /* Performer.swift */,
				6213B5AF1F88E86E00121CFF /* Place.swift */,
				6213B5B11F88E98300121CFF /* Location.swift */,
			);
			path = Models;
			sourceTree = "<group>";
		};
		96FC2BE31F817179005D3B54 /* Utilities */ = {
			isa = PBXGroup;
			children = (
				6213B5A01F88E15600121CFF /* Base Requirements */,
				96FC2BE51F8171BB005D3B54 /* Extensions */,
				96FC2BEB1F817CA7005D3B54 /* RestClient.swift */,
				96FC2BF11F81964B005D3B54 /* Configuration.swift */,
				9653EFD51F8422FF00A98D68 /* Constants.swift */,
				6213B5A91F88E2D900121CFF /* Enums.swift */,
			);
			path = Utilities;
			sourceTree = "<group>";
		};
		96FC2BE51F8171BB005D3B54 /* Extensions */ = {
			isa = PBXGroup;
			children = (
				6213B59E1F88E13A00121CFF /* UIExtended.swift */,
			);
			path = Extensions;
			sourceTree = "<group>";
		};
		96FC2BE61F8172AE005D3B54 /* LogIn */ = {
			isa = PBXGroup;
			children = (
				96FC2BE71F817399005D3B54 /* LogInViewController.swift */,
				96FC2BE81F81739A005D3B54 /* LogInViewModel.swift */,
			);
			path = LogIn;
			sourceTree = "<group>";
		};
/* End PBXGroup section */

/* Begin PBXNativeTarget section */
		96FC2BC51F816D42005D3B54 /* event-manager-ios */ = {
			isa = PBXNativeTarget;
			buildConfigurationList = 96FC2BD81F816D42005D3B54 /* Build configuration list for PBXNativeTarget "event-manager-ios" */;
			buildPhases = (
				299010797FBBAA1412BDD98C /* [CP] Check Pods Manifest.lock */,
				96FC2BC21F816D42005D3B54 /* Sources */,
				96FC2BC31F816D42005D3B54 /* Frameworks */,
				96FC2BC41F816D42005D3B54 /* Resources */,
				96FC2BDF1F816FA2005D3B54 /* SwiftLint */,
				3BF05369782712F3594BFB21 /* [CP] Embed Pods Frameworks */,
				E2F46EC045EA2A1C9382D6D5 /* [CP] Copy Pods Resources */,
			);
			buildRules = (
			);
			dependencies = (
			);
			name = "event-manager-ios";
			productName = "event-manager-ios";
			productReference = 96FC2BC61F816D42005D3B54 /* event-manager-ios.app */;
			productType = "com.apple.product-type.application";
		};
/* End PBXNativeTarget section */

/* Begin PBXProject section */
		96FC2BBE1F816D42005D3B54 /* Project object */ = {
			isa = PBXProject;
			attributes = {
				LastSwiftUpdateCheck = 0900;
				LastUpgradeCheck = 0900;
				ORGANIZATIONNAME = "Gabor Eszenyi";
				TargetAttributes = {
					96FC2BC51F816D42005D3B54 = {
						CreatedOnToolsVersion = 9.0;
						ProvisioningStyle = Automatic;
					};
				};
			};
			buildConfigurationList = 96FC2BC11F816D42005D3B54 /* Build configuration list for PBXProject "event-manager-ios" */;
			compatibilityVersion = "Xcode 8.0";
			developmentRegion = en;
			hasScannedForEncodings = 0;
			knownRegions = (
				en,
				Base,
			);
			mainGroup = 96FC2BBD1F816D42005D3B54;
			productRefGroup = 96FC2BC71F816D42005D3B54 /* Products */;
			projectDirPath = "";
			projectRoot = "";
			targets = (
				96FC2BC51F816D42005D3B54 /* event-manager-ios */,
			);
		};
/* End PBXProject section */

/* Begin PBXResourcesBuildPhase section */
		96FC2BC41F816D42005D3B54 /* Resources */ = {
			isa = PBXResourcesBuildPhase;
			buildActionMask = 2147483647;
			files = (
				96FC2BDD1F816F46005D3B54 /* Onboarding.storyboard in Resources */,
				9653EFCF1F841EF900A98D68 /* Shared.storyboard in Resources */,
				96FC2BD41F816D42005D3B54 /* LaunchScreen.storyboard in Resources */,
				96FC2BD11F816D42005D3B54 /* Assets.xcassets in Resources */,
				96FC2BCF1F816D42005D3B54 /* Main.storyboard in Resources */,
			);
			runOnlyForDeploymentPostprocessing = 0;
		};
/* End PBXResourcesBuildPhase section */

/* Begin PBXShellScriptBuildPhase section */
		299010797FBBAA1412BDD98C /* [CP] Check Pods Manifest.lock */ = {
			isa = PBXShellScriptBuildPhase;
			buildActionMask = 2147483647;
			files = (
			);
			inputPaths = (
			);
			name = "[CP] Check Pods Manifest.lock";
			outputPaths = (
			);
			runOnlyForDeploymentPostprocessing = 0;
			shellPath = /bin/sh;
			shellScript = "diff \"${PODS_ROOT}/../Podfile.lock\" \"${PODS_ROOT}/Manifest.lock\" > /dev/null\nif [ $? != 0 ] ; then\n    # print error to STDERR\n    echo \"error: The sandbox is not in sync with the Podfile.lock. Run 'pod install' or update your CocoaPods installation.\" >&2\n    exit 1\nfi\n";
			showEnvVarsInLog = 0;
		};
		3BF05369782712F3594BFB21 /* [CP] Embed Pods Frameworks */ = {
			isa = PBXShellScriptBuildPhase;
			buildActionMask = 2147483647;
			files = (
			);
			inputPaths = (
			);
			name = "[CP] Embed Pods Frameworks";
			outputPaths = (
			);
			runOnlyForDeploymentPostprocessing = 0;
			shellPath = /bin/sh;
			shellScript = "\"${SRCROOT}/Pods/Target Support Files/Pods-event-manager-ios/Pods-event-manager-ios-frameworks.sh\"\n";
			showEnvVarsInLog = 0;
		};
		96FC2BDF1F816FA2005D3B54 /* SwiftLint */ = {
			isa = PBXShellScriptBuildPhase;
			buildActionMask = 2147483647;
			files = (
			);
			inputPaths = (
			);
			name = SwiftLint;
			outputPaths = (
			);
			runOnlyForDeploymentPostprocessing = 0;
			shellPath = /bin/sh;
			shellScript = "if which swiftlint >/dev/null; then\n    swiftlint\nelse\n    echo \"warning: SwiftLint not installed, download from https://github.com/realm/SwiftLint\"\nfi";
		};
		E2F46EC045EA2A1C9382D6D5 /* [CP] Copy Pods Resources */ = {
			isa = PBXShellScriptBuildPhase;
			buildActionMask = 2147483647;
			files = (
			);
			inputPaths = (
			);
			name = "[CP] Copy Pods Resources";
			outputPaths = (
			);
			runOnlyForDeploymentPostprocessing = 0;
			shellPath = /bin/sh;
			shellScript = "\"${SRCROOT}/Pods/Target Support Files/Pods-event-manager-ios/Pods-event-manager-ios-resources.sh\"\n";
			showEnvVarsInLog = 0;
		};
/* End PBXShellScriptBuildPhase section */

/* Begin PBXSourcesBuildPhase section */
		96FC2BC21F816D42005D3B54 /* Sources */ = {
			isa = PBXSourcesBuildPhase;
			buildActionMask = 2147483647;
			files = (
				96FC2BEC1F817CA7005D3B54 /* RestClient.swift in Sources */,
				6213B59D1F88E11D00121CFF /* Event.swift in Sources */,
				6213B5A71F88E18500121CFF /* TableViewSection.swift in Sources */,
				96FC2BF21F81964B005D3B54 /* Configuration.swift in Sources */,
				6213B5B21F88E98300121CFF /* Location.swift in Sources */,
				96FC2BE91F81739A005D3B54 /* LogInViewController.swift in Sources */,
				6213B5A51F88E18500121CFF /* Bindable.swift in Sources */,
				6213B5A61F88E18500121CFF /* ReactiveBindable.swift in Sources */,
				6213B5AA1F88E2D900121CFF /* Enums.swift in Sources */,
				9653EFD41F841F5800A98D68 /* LoadingViewModel.swift in Sources */,
				6213B5B01F88E86E00121CFF /* Place.swift in Sources */,
				96FC2BEA1F81739A005D3B54 /* LogInViewModel.swift in Sources */,
				6213B59F1F88E13A00121CFF /* UIExtended.swift in Sources */,
				6213B5A81F88E18500121CFF /* TitlePresentable.swift in Sources */,
				6213B5AE1F88E85E00121CFF /* Performer.swift in Sources */,
				96FC2BCA1F816D42005D3B54 /* AppDelegate.swift in Sources */,
				9653EFD31F841F5800A98D68 /* LoadingViewController.swift in Sources */,
				9653EFD61F8422FF00A98D68 /* Constants.swift in Sources */,
			);
			runOnlyForDeploymentPostprocessing = 0;
		};
/* End PBXSourcesBuildPhase section */

/* Begin PBXVariantGroup section */
		96FC2BCD1F816D42005D3B54 /* Main.storyboard */ = {
			isa = PBXVariantGroup;
			children = (
				96FC2BCE1F816D42005D3B54 /* Base */,
			);
			name = Main.storyboard;
			sourceTree = "<group>";
		};
		96FC2BD21F816D42005D3B54 /* LaunchScreen.storyboard */ = {
			isa = PBXVariantGroup;
			children = (
				96FC2BD31F816D42005D3B54 /* Base */,
			);
			name = LaunchScreen.storyboard;
			sourceTree = "<group>";
		};
/* End PBXVariantGroup section */

/* Begin XCBuildConfiguration section */
		96FC2BD61F816D42005D3B54 /* Debug Staging */ = {
			isa = XCBuildConfiguration;
			buildSettings = {
				ALWAYS_SEARCH_USER_PATHS = NO;
				CLANG_ANALYZER_NONNULL = YES;
				CLANG_ANALYZER_NUMBER_OBJECT_CONVERSION = YES_AGGRESSIVE;
				CLANG_CXX_LANGUAGE_STANDARD = "gnu++14";
				CLANG_CXX_LIBRARY = "libc++";
				CLANG_ENABLE_MODULES = YES;
				CLANG_ENABLE_OBJC_ARC = YES;
				CLANG_WARN_BLOCK_CAPTURE_AUTORELEASING = YES;
				CLANG_WARN_BOOL_CONVERSION = YES;
				CLANG_WARN_COMMA = YES;
				CLANG_WARN_CONSTANT_CONVERSION = YES;
				CLANG_WARN_DIRECT_OBJC_ISA_USAGE = YES_ERROR;
				CLANG_WARN_DOCUMENTATION_COMMENTS = YES;
				CLANG_WARN_EMPTY_BODY = YES;
				CLANG_WARN_ENUM_CONVERSION = YES;
				CLANG_WARN_INFINITE_RECURSION = YES;
				CLANG_WARN_INT_CONVERSION = YES;
				CLANG_WARN_NON_LITERAL_NULL_CONVERSION = YES;
				CLANG_WARN_OBJC_LITERAL_CONVERSION = YES;
				CLANG_WARN_OBJC_ROOT_CLASS = YES_ERROR;
				CLANG_WARN_RANGE_LOOP_ANALYSIS = YES;
				CLANG_WARN_STRICT_PROTOTYPES = YES;
				CLANG_WARN_SUSPICIOUS_MOVE = YES;
				CLANG_WARN_UNGUARDED_AVAILABILITY = YES_AGGRESSIVE;
				CLANG_WARN_UNREACHABLE_CODE = YES;
				CLANG_WARN__DUPLICATE_METHOD_MATCH = YES;
				CODE_SIGN_IDENTITY = "iPhone Developer";
				COPY_PHASE_STRIP = NO;
				DEBUG_INFORMATION_FORMAT = dwarf;
				ENABLE_STRICT_OBJC_MSGSEND = YES;
				ENABLE_TESTABILITY = YES;
				GCC_C_LANGUAGE_STANDARD = gnu11;
				GCC_DYNAMIC_NO_PIC = NO;
				GCC_NO_COMMON_BLOCKS = YES;
				GCC_OPTIMIZATION_LEVEL = 0;
				GCC_PREPROCESSOR_DEFINITIONS = (
					"DEBUG=1",
					"$(inherited)",
				);
				GCC_WARN_64_TO_32_BIT_CONVERSION = YES;
				GCC_WARN_ABOUT_RETURN_TYPE = YES_ERROR;
				GCC_WARN_UNDECLARED_SELECTOR = YES;
				GCC_WARN_UNINITIALIZED_AUTOS = YES_AGGRESSIVE;
				GCC_WARN_UNUSED_FUNCTION = YES;
				GCC_WARN_UNUSED_VARIABLE = YES;
				IPHONEOS_DEPLOYMENT_TARGET = 11.0;
				MTL_ENABLE_DEBUG_INFO = YES;
				ONLY_ACTIVE_ARCH = YES;
				SDKROOT = iphoneos;
				SWIFT_ACTIVE_COMPILATION_CONDITIONS = DEBUG;
				SWIFT_OPTIMIZATION_LEVEL = "-Onone";
			};
			name = "Debug Staging";
		};
		96FC2BD71F816D42005D3B54 /* Release */ = {
			isa = XCBuildConfiguration;
			buildSettings = {
				ALWAYS_SEARCH_USER_PATHS = NO;
				CLANG_ANALYZER_NONNULL = YES;
				CLANG_ANALYZER_NUMBER_OBJECT_CONVERSION = YES_AGGRESSIVE;
				CLANG_CXX_LANGUAGE_STANDARD = "gnu++14";
				CLANG_CXX_LIBRARY = "libc++";
				CLANG_ENABLE_MODULES = YES;
				CLANG_ENABLE_OBJC_ARC = YES;
				CLANG_WARN_BLOCK_CAPTURE_AUTORELEASING = YES;
				CLANG_WARN_BOOL_CONVERSION = YES;
				CLANG_WARN_COMMA = YES;
				CLANG_WARN_CONSTANT_CONVERSION = YES;
				CLANG_WARN_DIRECT_OBJC_ISA_USAGE = YES_ERROR;
				CLANG_WARN_DOCUMENTATION_COMMENTS = YES;
				CLANG_WARN_EMPTY_BODY = YES;
				CLANG_WARN_ENUM_CONVERSION = YES;
				CLANG_WARN_INFINITE_RECURSION = YES;
				CLANG_WARN_INT_CONVERSION = YES;
				CLANG_WARN_NON_LITERAL_NULL_CONVERSION = YES;
				CLANG_WARN_OBJC_LITERAL_CONVERSION = YES;
				CLANG_WARN_OBJC_ROOT_CLASS = YES_ERROR;
				CLANG_WARN_RANGE_LOOP_ANALYSIS = YES;
				CLANG_WARN_STRICT_PROTOTYPES = YES;
				CLANG_WARN_SUSPICIOUS_MOVE = YES;
				CLANG_WARN_UNGUARDED_AVAILABILITY = YES_AGGRESSIVE;
				CLANG_WARN_UNREACHABLE_CODE = YES;
				CLANG_WARN__DUPLICATE_METHOD_MATCH = YES;
				CODE_SIGN_IDENTITY = "iPhone Developer";
				COPY_PHASE_STRIP = NO;
				DEBUG_INFORMATION_FORMAT = "dwarf-with-dsym";
				ENABLE_NS_ASSERTIONS = NO;
				ENABLE_STRICT_OBJC_MSGSEND = YES;
				GCC_C_LANGUAGE_STANDARD = gnu11;
				GCC_NO_COMMON_BLOCKS = YES;
				GCC_WARN_64_TO_32_BIT_CONVERSION = YES;
				GCC_WARN_ABOUT_RETURN_TYPE = YES_ERROR;
				GCC_WARN_UNDECLARED_SELECTOR = YES;
				GCC_WARN_UNINITIALIZED_AUTOS = YES_AGGRESSIVE;
				GCC_WARN_UNUSED_FUNCTION = YES;
				GCC_WARN_UNUSED_VARIABLE = YES;
				IPHONEOS_DEPLOYMENT_TARGET = 11.0;
				MTL_ENABLE_DEBUG_INFO = NO;
				SDKROOT = iphoneos;
				SWIFT_OPTIMIZATION_LEVEL = "-Owholemodule";
				VALIDATE_PRODUCT = YES;
			};
			name = Release;
		};
		96FC2BD91F816D42005D3B54 /* Debug Staging */ = {
			isa = XCBuildConfiguration;
			baseConfigurationReference = 55AEA7F26090E46A0323C7F4 /* Pods-event-manager-ios.debug staging.xcconfig */;
			buildSettings = {
				ASSETCATALOG_COMPILER_APPICON_NAME = AppIcon;
				CODE_SIGN_STYLE = Automatic;
				DEVELOPMENT_TEAM = QT666FZ6Y2;
				INFOPLIST_FILE = "event-manager-ios/Info.plist";
				LD_RUNPATH_SEARCH_PATHS = "$(inherited) @executable_path/Frameworks";
				PRODUCT_BUNDLE_IDENTIFIER = "com.gaboreszenyi.event-manager-ios";
				PRODUCT_NAME = "$(TARGET_NAME)";
				SWIFT_VERSION = 4.0;
				TARGETED_DEVICE_FAMILY = "1,2";
			};
			name = "Debug Staging";
		};
		96FC2BDA1F816D42005D3B54 /* Release */ = {
			isa = XCBuildConfiguration;
			baseConfigurationReference = 4B529FECA67FFFAE034AF712 /* Pods-event-manager-ios.release.xcconfig */;
			buildSettings = {
				ASSETCATALOG_COMPILER_APPICON_NAME = AppIcon;
				CODE_SIGN_STYLE = Automatic;
				DEVELOPMENT_TEAM = QT666FZ6Y2;
				INFOPLIST_FILE = "event-manager-ios/Info.plist";
				LD_RUNPATH_SEARCH_PATHS = "$(inherited) @executable_path/Frameworks";
				PRODUCT_BUNDLE_IDENTIFIER = "com.gaboreszenyi.event-manager-ios";
				PRODUCT_NAME = "$(TARGET_NAME)";
				SWIFT_VERSION = 4.0;
				TARGETED_DEVICE_FAMILY = "1,2";
			};
			name = Release;
		};
		96FC2BED1F819382005D3B54 /* Debug Mock */ = {
			isa = XCBuildConfiguration;
			buildSettings = {
				ALWAYS_SEARCH_USER_PATHS = NO;
				CLANG_ANALYZER_NONNULL = YES;
				CLANG_ANALYZER_NUMBER_OBJECT_CONVERSION = YES_AGGRESSIVE;
				CLANG_CXX_LANGUAGE_STANDARD = "gnu++14";
				CLANG_CXX_LIBRARY = "libc++";
				CLANG_ENABLE_MODULES = YES;
				CLANG_ENABLE_OBJC_ARC = YES;
				CLANG_WARN_BLOCK_CAPTURE_AUTORELEASING = YES;
				CLANG_WARN_BOOL_CONVERSION = YES;
				CLANG_WARN_COMMA = YES;
				CLANG_WARN_CONSTANT_CONVERSION = YES;
				CLANG_WARN_DIRECT_OBJC_ISA_USAGE = YES_ERROR;
				CLANG_WARN_DOCUMENTATION_COMMENTS = YES;
				CLANG_WARN_EMPTY_BODY = YES;
				CLANG_WARN_ENUM_CONVERSION = YES;
				CLANG_WARN_INFINITE_RECURSION = YES;
				CLANG_WARN_INT_CONVERSION = YES;
				CLANG_WARN_NON_LITERAL_NULL_CONVERSION = YES;
				CLANG_WARN_OBJC_LITERAL_CONVERSION = YES;
				CLANG_WARN_OBJC_ROOT_CLASS = YES_ERROR;
				CLANG_WARN_RANGE_LOOP_ANALYSIS = YES;
				CLANG_WARN_STRICT_PROTOTYPES = YES;
				CLANG_WARN_SUSPICIOUS_MOVE = YES;
				CLANG_WARN_UNGUARDED_AVAILABILITY = YES_AGGRESSIVE;
				CLANG_WARN_UNREACHABLE_CODE = YES;
				CLANG_WARN__DUPLICATE_METHOD_MATCH = YES;
				CODE_SIGN_IDENTITY = "iPhone Developer";
				COPY_PHASE_STRIP = NO;
				DEBUG_INFORMATION_FORMAT = dwarf;
				ENABLE_STRICT_OBJC_MSGSEND = YES;
				ENABLE_TESTABILITY = YES;
				GCC_C_LANGUAGE_STANDARD = gnu11;
				GCC_DYNAMIC_NO_PIC = NO;
				GCC_NO_COMMON_BLOCKS = YES;
				GCC_OPTIMIZATION_LEVEL = 0;
				GCC_PREPROCESSOR_DEFINITIONS = (
					"DEBUG=1",
					"$(inherited)",
				);
				GCC_WARN_64_TO_32_BIT_CONVERSION = YES;
				GCC_WARN_ABOUT_RETURN_TYPE = YES_ERROR;
				GCC_WARN_UNDECLARED_SELECTOR = YES;
				GCC_WARN_UNINITIALIZED_AUTOS = YES_AGGRESSIVE;
				GCC_WARN_UNUSED_FUNCTION = YES;
				GCC_WARN_UNUSED_VARIABLE = YES;
				IPHONEOS_DEPLOYMENT_TARGET = 11.0;
				MTL_ENABLE_DEBUG_INFO = YES;
				ONLY_ACTIVE_ARCH = YES;
				SDKROOT = iphoneos;
				SWIFT_ACTIVE_COMPILATION_CONDITIONS = DEBUG;
				SWIFT_OPTIMIZATION_LEVEL = "-Onone";
			};
			name = "Debug Mock";
		};
		96FC2BEE1F819382005D3B54 /* Debug Mock */ = {
			isa = XCBuildConfiguration;
			baseConfigurationReference = A41F3AB19CDF3D358A700AA8 /* Pods-event-manager-ios.debug mock.xcconfig */;
			buildSettings = {
				ASSETCATALOG_COMPILER_APPICON_NAME = AppIcon;
				CODE_SIGN_STYLE = Automatic;
				DEVELOPMENT_TEAM = QT666FZ6Y2;
				INFOPLIST_FILE = "event-manager-ios/Info.plist";
				LD_RUNPATH_SEARCH_PATHS = "$(inherited) @executable_path/Frameworks";
				PRODUCT_BUNDLE_IDENTIFIER = "com.gaboreszenyi.event-manager-ios";
				PRODUCT_NAME = "$(TARGET_NAME)";
				SWIFT_VERSION = 4.0;
				TARGETED_DEVICE_FAMILY = "1,2";
			};
			name = "Debug Mock";
		};
/* End XCBuildConfiguration section */

/* Begin XCConfigurationList section */
		96FC2BC11F816D42005D3B54 /* Build configuration list for PBXProject "event-manager-ios" */ = {
			isa = XCConfigurationList;
			buildConfigurations = (
				96FC2BD61F816D42005D3B54 /* Debug Staging */,
				96FC2BED1F819382005D3B54 /* Debug Mock */,
				96FC2BD71F816D42005D3B54 /* Release */,
			);
			defaultConfigurationIsVisible = 0;
			defaultConfigurationName = Release;
		};
		96FC2BD81F816D42005D3B54 /* Build configuration list for PBXNativeTarget "event-manager-ios" */ = {
			isa = XCConfigurationList;
			buildConfigurations = (
				96FC2BD91F816D42005D3B54 /* Debug Staging */,
				96FC2BEE1F819382005D3B54 /* Debug Mock */,
				96FC2BDA1F816D42005D3B54 /* Release */,
			);
			defaultConfigurationIsVisible = 0;
			defaultConfigurationName = Release;
		};
/* End XCConfigurationList section */
	};
	rootObject = 96FC2BBE1F816D42005D3B54 /* Project object */;
}
